PODS:
  - Alamofire (5.4.0)
  - IQKeyboardManagerSwift (6.3.0)

DEPENDENCIES:
  - Alamofire (= 5.4)
  - IQKeyboardManagerSwift (= 6.3.0)

SPEC REPOS:
  trunk:
    - Alamofire
    - IQKeyboardManagerSwift

SPEC CHECKSUMS:
  Alamofire: 3b6a534a3df22db367e4dedeeca73d1ddfcf0e2f
  IQKeyboardManagerSwift: a8228c257614af98743b4cd8584637025f36358f

PODFILE CHECKSUM: 3ac2c7385d4b07c4492f6d678986a96e4c179328

COCOAPODS: 1.10.2
