// !$*UTF8*$!
{
	archiveVersion = 1;
	classes = {
	};
	objectVersion = 50;
	objects = {

/* Begin PBXBuildFile section */
		478EF51326F4D034009354DB /* Item.swift in Sources */ = {isa = PBXBuildFile; fileRef = 478EF51226F4D034009354DB /* Item.swift */; };
		478EF51526F4D061009354DB /* ListView.swift in Sources */ = {isa = PBXBuildFile; fileRef = 478EF51426F4D061009354DB /* ListView.swift */; };
		478EF51726F4D09A009354DB /* Task.swift in Sources */ = {isa = PBXBuildFile; fileRef = 478EF51626F4D09A009354DB /* Task.swift */; };
		478EF51926F4D739009354DB /* CustomButtonForAnyVar.swift in Sources */ = {isa = PBXBuildFile; fileRef = 478EF51826F4D739009354DB /* CustomButtonForAnyVar.swift */; };
		478EF51B26F4DBC7009354DB /* ListFilter.swift in Sources */ = {isa = PBXBuildFile; fileRef = 478EF51A26F4DBC7009354DB /* ListFilter.swift */; };
		478EF51D26F4DBF8009354DB /* Dish.swift in Sources */ = {isa = PBXBuildFile; fileRef = 478EF51C26F4DBF8009354DB /* Dish.swift */; };
		47A0B22926F0E9C200970F37 /* AppDelegate.swift in Sources */ = {isa = PBXBuildFile; fileRef = 47A0B22826F0E9C200970F37 /* AppDelegate.swift */; };
		47A0B22B26F0E9C200970F37 /* SceneDelegate.swift in Sources */ = {isa = PBXBuildFile; fileRef = 47A0B22A26F0E9C200970F37 /* SceneDelegate.swift */; };
		47A0B22D26F0E9C200970F37 /* MainNavigationView.swift in Sources */ = {isa = PBXBuildFile; fileRef = 47A0B22C26F0E9C200970F37 /* MainNavigationView.swift */; };
		47A0B22F26F0E9C500970F37 /* Assets.xcassets in Resources */ = {isa = PBXBuildFile; fileRef = 47A0B22E26F0E9C500970F37 /* Assets.xcassets */; };
		47A0B23226F0E9C500970F37 /* Preview Assets.xcassets in Resources */ = {isa = PBXBuildFile; fileRef = 47A0B23126F0E9C500970F37 /* Preview Assets.xcassets */; };
		47A0B23526F0E9C500970F37 /* LaunchScreen.storyboard in Resources */ = {isa = PBXBuildFile; fileRef = 47A0B23326F0E9C500970F37 /* LaunchScreen.storyboard */; };
/* End PBXBuildFile section */

/* Begin PBXFileReference section */
		478EF51226F4D034009354DB /* Item.swift */ = {isa = PBXFileReference; lastKnownFileType = sourcecode.swift; path = Item.swift; sourceTree = "<group>"; };
		478EF51426F4D061009354DB /* ListView.swift */ = {isa = PBXFileReference; lastKnownFileType = sourcecode.swift; path = ListView.swift; sourceTree = "<group>"; };
		478EF51626F4D09A009354DB /* Task.swift */ = {isa = PBXFileReference; lastKnownFileType = sourcecode.swift; path = Task.swift; sourceTree = "<group>"; };
		478EF51826F4D739009354DB /* CustomButtonForAnyVar.swift */ = {isa = PBXFileReference; lastKnownFileType = sourcecode.swift; path = CustomButtonForAnyVar.swift; sourceTree = "<group>"; };
		478EF51A26F4DBC7009354DB /* ListFilter.swift */ = {isa = PBXFileReference; lastKnownFileType = sourcecode.swift; path = ListFilter.swift; sourceTree = "<group>"; };
		478EF51C26F4DBF8009354DB /* Dish.swift */ = {isa = PBXFileReference; lastKnownFileType = sourcecode.swift; path = Dish.swift; sourceTree = "<group>"; };
		47A0B22526F0E9C200970F37 /* SwiftUIBasicExample.app */ = {isa = PBXFileReference; explicitFileType = wrapper.application; includeInIndex = 0; path = SwiftUIBasicExample.app; sourceTree = BUILT_PRODUCTS_DIR; };
		47A0B22826F0E9C200970F37 /* AppDelegate.swift */ = {isa = PBXFileReference; lastKnownFileType = sourcecode.swift; path = AppDelegate.swift; sourceTree = "<group>"; };
		47A0B22A26F0E9C200970F37 /* SceneDelegate.swift */ = {isa = PBXFileReference; lastKnownFileType = sourcecode.swift; path = SceneDelegate.swift; sourceTree = "<group>"; };
		47A0B22C26F0E9C200970F37 /* MainNavigationView.swift */ = {isa = PBXFileReference; lastKnownFileType = sourcecode.swift; path = MainNavigationView.swift; sourceTree = "<group>"; };
		47A0B22E26F0E9C500970F37 /* Assets.xcassets */ = {isa = PBXFileReference; lastKnownFileType = folder.assetcatalog; path = Assets.xcassets; sourceTree = "<group>"; };
		47A0B23126F0E9C500970F37 /* Preview Assets.xcassets */ = {isa = PBXFileReference; lastKnownFileType = folder.assetcatalog; path = "Preview Assets.xcassets"; sourceTree = "<group>"; };
		47A0B23426F0E9C500970F37 /* Base */ = {isa = PBXFileReference; lastKnownFileType = file.storyboard; name = Base; path = Base.lproj/LaunchScreen.storyboard; sourceTree = "<group>"; };
		47A0B23626F0E9C500970F37 /* Info.plist */ = {isa = PBXFileReference; lastKnownFileType = text.plist.xml; path = Info.plist; sourceTree = "<group>"; };
/* End PBXFileReference section */

/* Begin PBXFrameworksBuildPhase section */
		47A0B22226F0E9C200970F37 /* Frameworks */ = {
			isa = PBXFrameworksBuildPhase;
			buildActionMask = 2147483647;
			files = (
			);
			runOnlyForDeploymentPostprocessing = 0;
		};
/* End PBXFrameworksBuildPhase section */

/* Begin PBXGroup section */
		478EF51026F4D01B009354DB /* Views */ = {
			isa = PBXGroup;
			children = (
				47A0B22C26F0E9C200970F37 /* MainNavigationView.swift */,
				478EF51426F4D061009354DB /* ListView.swift */,
				478EF51826F4D739009354DB /* CustomButtonForAnyVar.swift */,
				478EF51A26F4DBC7009354DB /* ListFilter.swift */,
			);
			path = Views;
			sourceTree = "<group>";
		};
		478EF51126F4D024009354DB /* Models */ = {
			isa = PBXGroup;
			children = (
				478EF51226F4D034009354DB /* Item.swift */,
				478EF51626F4D09A009354DB /* Task.swift */,
				478EF51C26F4DBF8009354DB /* Dish.swift */,
			);
			path = Models;
			sourceTree = "<group>";
		};
		47A0B21C26F0E9C200970F37 = {
			isa = PBXGroup;
			children = (
				47A0B22726F0E9C200970F37 /* SwiftUIBasicExample */,
				47A0B22626F0E9C200970F37 /* Products */,
			);
			sourceTree = "<group>";
		};
		47A0B22626F0E9C200970F37 /* Products */ = {
			isa = PBXGroup;
			children = (
				47A0B22526F0E9C200970F37 /* SwiftUIBasicExample.app */,
			);
			name = Products;
			sourceTree = "<group>";
		};
		47A0B22726F0E9C200970F37 /* SwiftUIBasicExample */ = {
			isa = PBXGroup;
			children = (
				47A0B22826F0E9C200970F37 /* AppDelegate.swift */,
				47A0B22A26F0E9C200970F37 /* SceneDelegate.swift */,
				478EF51126F4D024009354DB /* Models */,
				478EF51026F4D01B009354DB /* Views */,
				47A0B22E26F0E9C500970F37 /* Assets.xcassets */,
				47A0B23326F0E9C500970F37 /* LaunchScreen.storyboard */,
				47A0B23626F0E9C500970F37 /* Info.plist */,
				47A0B23026F0E9C500970F37 /* Preview Content */,
			);
			path = SwiftUIBasicExample;
			sourceTree = "<group>";
		};
		47A0B23026F0E9C500970F37 /* Preview Content */ = {
			isa = PBXGroup;
			children = (
				47A0B23126F0E9C500970F37 /* Preview Assets.xcassets */,
			);
			path = "Preview Content";
			sourceTree = "<group>";
		};
/* End PBXGroup section */

/* Begin PBXNativeTarget section */
		47A0B22426F0E9C200970F37 /* SwiftUIBasicExample */ = {
			isa = PBXNativeTarget;
			buildConfigurationList = 47A0B23926F0E9C500970F37 /* Build configuration list for PBXNativeTarget "SwiftUIBasicExample" */;
			buildPhases = (
				47A0B22126F0E9C200970F37 /* Sources */,
				47A0B22226F0E9C200970F37 /* Frameworks */,
				47A0B22326F0E9C200970F37 /* Resources */,
			);
			buildRules = (
			);
			dependencies = (
			);
			name = SwiftUIBasicExample;
			productName = SwiftUIBasicExample;
			productReference = 47A0B22526F0E9C200970F37 /* SwiftUIBasicExample.app */;
			productType = "com.apple.product-type.application";
		};
/* End PBXNativeTarget section */

/* Begin PBXProject section */
		47A0B21D26F0E9C200970F37 /* Project object */ = {
			isa = PBXProject;
			attributes = {
				LastSwiftUpdateCheck = 1250;
				LastUpgradeCheck = 1250;
				TargetAttributes = {
					47A0B22426F0E9C200970F37 = {
						CreatedOnToolsVersion = 12.5.1;
					};
				};
			};
			buildConfigurationList = 47A0B22026F0E9C200970F37 /* Build configuration list for PBXProject "SwiftUIBasicExample" */;
			compatibilityVersion = "Xcode 9.3";
			developmentRegion = en;
			hasScannedForEncodings = 0;
			knownRegions = (
				en,
				Base,
			);
			mainGroup = 47A0B21C26F0E9C200970F37;
			productRefGroup = 47A0B22626F0E9C200970F37 /* Products */;
			projectDirPath = "";
			projectRoot = "";
			targets = (
				47A0B22426F0E9C200970F37 /* SwiftUIBasicExample */,
			);
		};
/* End PBXProject section */

/* Begin PBXResourcesBuildPhase section */
		47A0B22326F0E9C200970F37 /* Resources */ = {
			isa = PBXResourcesBuildPhase;
			buildActionMask = 2147483647;
			files = (
				47A0B23526F0E9C500970F37 /* LaunchScreen.storyboard in Resources */,
				47A0B23226F0E9C500970F37 /* Preview Assets.xcassets in Resources */,
				47A0B22F26F0E9C500970F37 /* Assets.xcassets in Resources */,
			);
			runOnlyForDeploymentPostprocessing = 0;
		};
/* End PBXResourcesBuildPhase section */

/* Begin PBXSourcesBuildPhase section */
		47A0B22126F0E9C200970F37 /* Sources */ = {
			isa = PBXSourcesBuildPhase;
			buildActionMask = 2147483647;
			files = (
				478EF51326F4D034009354DB /* Item.swift in Sources */,
				478EF51926F4D739009354DB /* CustomButtonForAnyVar.swift in Sources */,
				47A0B22926F0E9C200970F37 /* AppDelegate.swift in Sources */,
				478EF51526F4D061009354DB /* ListView.swift in Sources */,
				47A0B22B26F0E9C200970F37 /* SceneDelegate.swift in Sources */,
				478EF51B26F4DBC7009354DB /* ListFilter.swift in Sources */,
				478EF51D26F4DBF8009354DB /* Dish.swift in Sources */,
				478EF51726F4D09A009354DB /* Task.swift in Sources */,
				47A0B22D26F0E9C200970F37 /* MainNavigationView.swift in Sources */,
			);
			runOnlyForDeploymentPostprocessing = 0;
		};
/* End PBXSourcesBuildPhase section */

/* Begin PBXVariantGroup section */
		47A0B23326F0E9C500970F37 /* LaunchScreen.storyboard */ = {
			isa = PBXVariantGroup;
			children = (
				47A0B23426F0E9C500970F37 /* Base */,
			);
			name = LaunchScreen.storyboard;
			sourceTree = "<group>";
		};
/* End PBXVariantGroup section */

/* Begin XCBuildConfiguration section */
		47A0B23726F0E9C500970F37 /* Debug */ = {
			isa = XCBuildConfiguration;
			buildSettings = {
				ALWAYS_SEARCH_USER_PATHS = NO;
				CLANG_ANALYZER_NONNULL = YES;
				CLANG_ANALYZER_NUMBER_OBJECT_CONVERSION = YES_AGGRESSIVE;
				CLANG_CXX_LANGUAGE_STANDARD = "gnu++14";
				CLANG_CXX_LIBRARY = "libc++";
				CLANG_ENABLE_MODULES = YES;
				CLANG_ENABLE_OBJC_ARC = YES;
				CLANG_ENABLE_OBJC_WEAK = YES;
				CLANG_WARN_BLOCK_CAPTURE_AUTORELEASING = YES;
				CLANG_WARN_BOOL_CONVERSION = YES;
				CLANG_WARN_COMMA = YES;
				CLANG_WARN_CONSTANT_CONVERSION = YES;
				CLANG_WARN_DEPRECATED_OBJC_IMPLEMENTATIONS = YES;
				CLANG_WARN_DIRECT_OBJC_ISA_USAGE = YES_ERROR;
				CLANG_WARN_DOCUMENTATION_COMMENTS = YES;
				CLANG_WARN_EMPTY_BODY = YES;
				CLANG_WARN_ENUM_CONVERSION = YES;
				CLANG_WARN_INFINITE_RECURSION = YES;
				CLANG_WARN_INT_CONVERSION = YES;
				CLANG_WARN_NON_LITERAL_NULL_CONVERSION = YES;
				CLANG_WARN_OBJC_IMPLICIT_RETAIN_SELF = YES;
				CLANG_WARN_OBJC_LITERAL_CONVERSION = YES;
				CLANG_WARN_OBJC_ROOT_CLASS = YES_ERROR;
				CLANG_WARN_QUOTED_INCLUDE_IN_FRAMEWORK_HEADER = YES;
				CLANG_WARN_RANGE_LOOP_ANALYSIS = YES;
				CLANG_WARN_STRICT_PROTOTYPES = YES;
				CLANG_WARN_SUSPICIOUS_MOVE = YES;
				CLANG_WARN_UNGUARDED_AVAILABILITY = YES_AGGRESSIVE;
				CLANG_WARN_UNREACHABLE_CODE = YES;
				CLANG_WARN__DUPLICATE_METHOD_MATCH = YES;
				COPY_PHASE_STRIP = NO;
				DEBUG_INFORMATION_FORMAT = dwarf;
				ENABLE_STRICT_OBJC_MSGSEND = YES;
				ENABLE_TESTABILITY = YES;
				GCC_C_LANGUAGE_STANDARD = gnu11;
				GCC_DYNAMIC_NO_PIC = NO;
				GCC_NO_COMMON_BLOCKS = YES;
				GCC_OPTIMIZATION_LEVEL = 0;
				GCC_PREPROCESSOR_DEFINITIONS = (
					"DEBUG=1",
					"$(inherited)",
				);
				GCC_WARN_64_TO_32_BIT_CONVERSION = YES;
				GCC_WARN_ABOUT_RETURN_TYPE = YES_ERROR;
				GCC_WARN_UNDECLARED_SELECTOR = YES;
				GCC_WARN_UNINITIALIZED_AUTOS = YES_AGGRESSIVE;
				GCC_WARN_UNUSED_FUNCTION = YES;
				GCC_WARN_UNUSED_VARIABLE = YES;
				IPHONEOS_DEPLOYMENT_TARGET = 14.5;
				MTL_ENABLE_DEBUG_INFO = INCLUDE_SOURCE;
				MTL_FAST_MATH = YES;
				ONLY_ACTIVE_ARCH = YES;
				SDKROOT = iphoneos;
				SWIFT_ACTIVE_COMPILATION_CONDITIONS = DEBUG;
				SWIFT_OPTIMIZATION_LEVEL = "-Onone";
			};
			name = Debug;
		};
		47A0B23826F0E9C500970F37 /* Release */ = {
			isa = XCBuildConfiguration;
			buildSettings = {
				ALWAYS_SEARCH_USER_PATHS = NO;
				CLANG_ANALYZER_NONNULL = YES;
				CLANG_ANALYZER_NUMBER_OBJECT_CONVERSION = YES_AGGRESSIVE;
				CLANG_CXX_LANGUAGE_STANDARD = "gnu++14";
				CLANG_CXX_LIBRARY = "libc++";
				CLANG_ENABLE_MODULES = YES;
				CLANG_ENABLE_OBJC_ARC = YES;
				CLANG_ENABLE_OBJC_WEAK = YES;
				CLANG_WARN_BLOCK_CAPTURE_AUTORELEASING = YES;
				CLANG_WARN_BOOL_CONVERSION = YES;
				CLANG_WARN_COMMA = YES;
				CLANG_WARN_CONSTANT_CONVERSION = YES;
				CLANG_WARN_DEPRECATED_OBJC_IMPLEMENTATIONS = YES;
				CLANG_WARN_DIRECT_OBJC_ISA_USAGE = YES_ERROR;
				CLANG_WARN_DOCUMENTATION_COMMENTS = YES;
				CLANG_WARN_EMPTY_BODY = YES;
				CLANG_WARN_ENUM_CONVERSION = YES;
				CLANG_WARN_INFINITE_RECURSION = YES;
				CLANG_WARN_INT_CONVERSION = YES;
				CLANG_WARN_NON_LITERAL_NULL_CONVERSION = YES;
				CLANG_WARN_OBJC_IMPLICIT_RETAIN_SELF = YES;
				CLANG_WARN_OBJC_LITERAL_CONVERSION = YES;
				CLANG_WARN_OBJC_ROOT_CLASS = YES_ERROR;
				CLANG_WARN_QUOTED_INCLUDE_IN_FRAMEWORK_HEADER = YES;
				CLANG_WARN_RANGE_LOOP_ANALYSIS = YES;
				CLANG_WARN_STRICT_PROTOTYPES = YES;
				CLANG_WARN_SUSPICIOUS_MOVE = YES;
				CLANG_WARN_UNGUARDED_AVAILABILITY = YES_AGGRESSIVE;
				CLANG_WARN_UNREACHABLE_CODE = YES;
				CLANG_WARN__DUPLICATE_METHOD_MATCH = YES;
				COPY_PHASE_STRIP = NO;
				DEBUG_INFORMATION_FORMAT = "dwarf-with-dsym";
				ENABLE_NS_ASSERTIONS = NO;
				ENABLE_STRICT_OBJC_MSGSEND = YES;
				GCC_C_LANGUAGE_STANDARD = gnu11;
				GCC_NO_COMMON_BLOCKS = YES;
				GCC_WARN_64_TO_32_BIT_CONVERSION = YES;
				GCC_WARN_ABOUT_RETURN_TYPE = YES_ERROR;
				GCC_WARN_UNDECLARED_SELECTOR = YES;
				GCC_WARN_UNINITIALIZED_AUTOS = YES_AGGRESSIVE;
				GCC_WARN_UNUSED_FUNCTION = YES;
				GCC_WARN_UNUSED_VARIABLE = YES;
				IPHONEOS_DEPLOYMENT_TARGET = 14.5;
				MTL_ENABLE_DEBUG_INFO = NO;
				MTL_FAST_MATH = YES;
				SDKROOT = iphoneos;
				SWIFT_COMPILATION_MODE = wholemodule;
				SWIFT_OPTIMIZATION_LEVEL = "-O";
				VALIDATE_PRODUCT = YES;
			};
			name = Release;
		};
		47A0B23A26F0E9C500970F37 /* Debug */ = {
			isa = XCBuildConfiguration;
			buildSettings = {
				ASSETCATALOG_COMPILER_APPICON_NAME = AppIcon;
				ASSETCATALOG_COMPILER_GLOBAL_ACCENT_COLOR_NAME = AccentColor;
				CODE_SIGN_STYLE = Automatic;
				DEVELOPMENT_ASSET_PATHS = "\"SwiftUIBasicExample/Preview Content\"";
				ENABLE_PREVIEWS = YES;
				INFOPLIST_FILE = SwiftUIBasicExample/Info.plist;
				IPHONEOS_DEPLOYMENT_TARGET = 13.0;
				LD_RUNPATH_SEARCH_PATHS = (
					"$(inherited)",
					"@executable_path/Frameworks",
				);
				PRODUCT_BUNDLE_IDENTIFIER = com.enhanceit.SwiftUIBasicExample;
				PRODUCT_NAME = "$(TARGET_NAME)";
				SWIFT_VERSION = 5.0;
				TARGETED_DEVICE_FAMILY = 1;
			};
			name = Debug;
		};
		47A0B23B26F0E9C500970F37 /* Release */ = {
			isa = XCBuildConfiguration;
			buildSettings = {
				ASSETCATALOG_COMPILER_APPICON_NAME = AppIcon;
				ASSETCATALOG_COMPILER_GLOBAL_ACCENT_COLOR_NAME = AccentColor;
				CODE_SIGN_STYLE = Automatic;
				DEVELOPMENT_ASSET_PATHS = "\"SwiftUIBasicExample/Preview Content\"";
				ENABLE_PREVIEWS = YES;
				INFOPLIST_FILE = SwiftUIBasicExample/Info.plist;
				IPHONEOS_DEPLOYMENT_TARGET = 13.0;
				LD_RUNPATH_SEARCH_PATHS = (
					"$(inherited)",
					"@executable_path/Frameworks",
				);
				PRODUCT_BUNDLE_IDENTIFIER = com.enhanceit.SwiftUIBasicExample;
				PRODUCT_NAME = "$(TARGET_NAME)";
				SWIFT_VERSION = 5.0;
				TARGETED_DEVICE_FAMILY = 1;
			};
			name = Release;
		};
/* End XCBuildConfiguration section */

/* Begin XCConfigurationList section */
		47A0B22026F0E9C200970F37 /* Build configuration list for PBXProject "SwiftUIBasicExample" */ = {
			isa = XCConfigurationList;
			buildConfigurations = (
				47A0B23726F0E9C500970F37 /* Debug */,
				47A0B23826F0E9C500970F37 /* Release */,
			);
			defaultConfigurationIsVisible = 0;
			defaultConfigurationName = Release;
		};
		47A0B23926F0E9C500970F37 /* Build configuration list for PBXNativeTarget "SwiftUIBasicExample" */ = {
			isa = XCConfigurationList;
			buildConfigurations = (
				47A0B23A26F0E9C500970F37 /* Debug */,
				47A0B23B26F0E9C500970F37 /* Release */,
			);
			defaultConfigurationIsVisible = 0;
			defaultConfigurationName = Release;
		};
/* End XCConfigurationList section */
	};
	rootObject = 47A0B21D26F0E9C200970F37 /* Project object */;
}
