// !$*UTF8*$!
{
	archiveVersion = 1;
	classes = {
	};
	objectVersion = 51;
	objects = {

/* Begin PBXBuildFile section */
		4704454E26D7C71F0072CFC1 /* MoviesModel.xcdatamodeld in Sources */ = {isa = PBXBuildFile; fileRef = 4704454C26D7C71F0072CFC1 /* MoviesModel.xcdatamodeld */; };
		4704455026D7CB110072CFC1 /* CoreDataManager.swift in Sources */ = {isa = PBXBuildFile; fileRef = 4704454F26D7CB110072CFC1 /* CoreDataManager.swift */; };
		4704455326D7E2DF0072CFC1 /* Model 2.xcmappingmodel in Sources */ = {isa = PBXBuildFile; fileRef = 4704455226D7E2DF0072CFC1 /* Model 2.xcmappingmodel */; };
		471C2BB926E7AFFF0030B64E /* MoviesUITests.swift in Sources */ = {isa = PBXBuildFile; fileRef = 471C2BB826E7AFFF0030B64E /* MoviesUITests.swift */; };
		471C2BD826E7BA500030B64E /* AppDelegate.swift in Sources */ = {isa = PBXBuildFile; fileRef = 4763EEC226D3D51300893DD9 /* AppDelegate.swift */; };
		471C2BDA26E7BA600030B64E /* Coordinator.swift in Sources */ = {isa = PBXBuildFile; fileRef = 472CA4E526DE5C5200E3BB70 /* Coordinator.swift */; };
		471C2BDB26E7BA600030B64E /* MainCoordinator.swift in Sources */ = {isa = PBXBuildFile; fileRef = 472CA4E726DE5D3A00E3BB70 /* MainCoordinator.swift */; };
		471C2BDC26E7BA670030B64E /* MoviesModel.xcdatamodeld in Sources */ = {isa = PBXBuildFile; fileRef = 4704454C26D7C71F0072CFC1 /* MoviesModel.xcdatamodeld */; };
		471C2BDE26E7BA6C0030B64E /* Model 2.xcmappingmodel in Sources */ = {isa = PBXBuildFile; fileRef = 4704455226D7E2DF0072CFC1 /* Model 2.xcmappingmodel */; };
		471C2BDF26E7BA710030B64E /* NetworkUrl.swift in Sources */ = {isa = PBXBuildFile; fileRef = 4799628A26DFA7DB00459245 /* NetworkUrl.swift */; };
		471C2BE026E7BA710030B64E /* MainNetworkManager.swift in Sources */ = {isa = PBXBuildFile; fileRef = 473485DD26D3EE5200FD3D46 /* MainNetworkManager.swift */; };
		471C2BE126E7BA710030B64E /* NetworkError.swift in Sources */ = {isa = PBXBuildFile; fileRef = 473485DF26D3F02600FD3D46 /* NetworkError.swift */; };
		471C2BE226E7BA750030B64E /* BaseRepositoryRemote.swift in Sources */ = {isa = PBXBuildFile; fileRef = 4799628D26DFAD9400459245 /* BaseRepositoryRemote.swift */; };
		471C2BE326E7BA780030B64E /* MovieRepository.swift in Sources */ = {isa = PBXBuildFile; fileRef = 4799629A26DFB50300459245 /* MovieRepository.swift */; };
		471C2BE426E7BA7B0030B64E /* MovieRepositoryLocal.swift in Sources */ = {isa = PBXBuildFile; fileRef = 4799629826DFB2EB00459245 /* MovieRepositoryLocal.swift */; };
		471C2BE526E7BA820030B64E /* MovieImageRepositoryRemote.swift in Sources */ = {isa = PBXBuildFile; fileRef = 4799629626DFB17300459245 /* MovieImageRepositoryRemote.swift */; };
		471C2BE626E7BA820030B64E /* MovieRepositoryRemote.swift in Sources */ = {isa = PBXBuildFile; fileRef = 4799629426DFB10600459245 /* MovieRepositoryRemote.swift */; };
		471C2BE726E7BA820030B64E /* MoviesRepositoryRemote.swift in Sources */ = {isa = PBXBuildFile; fileRef = 4799629226DFB04000459245 /* MoviesRepositoryRemote.swift */; };
		471C2BE826E7BA8B0030B64E /* MoviesResponse.swift in Sources */ = {isa = PBXBuildFile; fileRef = 473485D826D3DE1E00FD3D46 /* MoviesResponse.swift */; };
		471C2BE926E7BA8B0030B64E /* Company.swift in Sources */ = {isa = PBXBuildFile; fileRef = 4799629C26DFD08C00459245 /* Company.swift */; };
		471C2BEA26E7BA8B0030B64E /* Movie.swift in Sources */ = {isa = PBXBuildFile; fileRef = 473485DA26D3DEEA00FD3D46 /* Movie.swift */; };
		471C2BEB26E7BA8F0030B64E /* MovieViewModel.swift in Sources */ = {isa = PBXBuildFile; fileRef = 473485E626D521DF00FD3D46 /* MovieViewModel.swift */; };
		471C2BEC26E7BAA70030B64E /* MoviesListViewController.swift in Sources */ = {isa = PBXBuildFile; fileRef = 4763EEC626D3D51300893DD9 /* MoviesListViewController.swift */; };
		471C2BEE26E7BAA70030B64E /* MovieCell.swift in Sources */ = {isa = PBXBuildFile; fileRef = 473485E126D3F65800FD3D46 /* MovieCell.swift */; };
		471C2BEF26E7BAAB0030B64E /* MovieDetailsViewController.swift in Sources */ = {isa = PBXBuildFile; fileRef = 477EF76C26DD20520092A326 /* MovieDetailsViewController.swift */; };
		471C2BF026E7BAAE0030B64E /* Assets.xcassets in Resources */ = {isa = PBXBuildFile; fileRef = 4763EECB26D3D51B00893DD9 /* Assets.xcassets */; };
		471C2BF126E7BAB20030B64E /* LaunchScreen.storyboard in Resources */ = {isa = PBXBuildFile; fileRef = 4763EECD26D3D51B00893DD9 /* LaunchScreen.storyboard */; };
		471C2BF426E7BD780030B64E /* FakeNetworkManager.swift in Sources */ = {isa = PBXBuildFile; fileRef = 471C2BF226E7BD370030B64E /* FakeNetworkManager.swift */; };
		471C2BF626E7BE570030B64E /* SceneDelegate.swift in Sources */ = {isa = PBXBuildFile; fileRef = 471C2BF526E7BE560030B64E /* SceneDelegate.swift */; };
		471C2BFA26E7BF870030B64E /* MoviesListConfigurator.swift in Sources */ = {isa = PBXBuildFile; fileRef = 471C2BF926E7BF7F0030B64E /* MoviesListConfigurator.swift */; };
		472CA4E626DE5C5200E3BB70 /* Coordinator.swift in Sources */ = {isa = PBXBuildFile; fileRef = 472CA4E526DE5C5200E3BB70 /* Coordinator.swift */; };
		472CA4E826DE5D3A00E3BB70 /* MainCoordinator.swift in Sources */ = {isa = PBXBuildFile; fileRef = 472CA4E726DE5D3A00E3BB70 /* MainCoordinator.swift */; };
		473485D926D3DE1E00FD3D46 /* MoviesResponse.swift in Sources */ = {isa = PBXBuildFile; fileRef = 473485D826D3DE1E00FD3D46 /* MoviesResponse.swift */; };
		473485DB26D3DEEA00FD3D46 /* Movie.swift in Sources */ = {isa = PBXBuildFile; fileRef = 473485DA26D3DEEA00FD3D46 /* Movie.swift */; };
		473485DE26D3EE5200FD3D46 /* MainNetworkManager.swift in Sources */ = {isa = PBXBuildFile; fileRef = 473485DD26D3EE5200FD3D46 /* MainNetworkManager.swift */; };
		473485E026D3F02600FD3D46 /* NetworkError.swift in Sources */ = {isa = PBXBuildFile; fileRef = 473485DF26D3F02600FD3D46 /* NetworkError.swift */; };
		473485E226D3F65800FD3D46 /* MovieCell.swift in Sources */ = {isa = PBXBuildFile; fileRef = 473485E126D3F65800FD3D46 /* MovieCell.swift */; };
		473485E726D521DF00FD3D46 /* MovieViewModel.swift in Sources */ = {isa = PBXBuildFile; fileRef = 473485E626D521DF00FD3D46 /* MovieViewModel.swift */; };
		4737391A26E24B6900060619 /* UnitTestUtils.swift in Sources */ = {isa = PBXBuildFile; fileRef = 4737391926E24B6900060619 /* UnitTestUtils.swift */; };
		4737392126E24F4100060619 /* MovieImageRepositoryRemoteTest.swift in Sources */ = {isa = PBXBuildFile; fileRef = 4737392026E24F4100060619 /* MovieImageRepositoryRemoteTest.swift */; };
		4737392326E253C100060619 /* FakeNetworkManager.swift in Sources */ = {isa = PBXBuildFile; fileRef = 4737392226E253C100060619 /* FakeNetworkManager.swift */; };
		4737392526E2557800060619 /* BaseRepositoryRemoteTest.swift in Sources */ = {isa = PBXBuildFile; fileRef = 4737392426E2557800060619 /* BaseRepositoryRemoteTest.swift */; };
		4737392A26E25B2200060619 /* MovieViewModelTest.swift in Sources */ = {isa = PBXBuildFile; fileRef = 4737392926E25B2200060619 /* MovieViewModelTest.swift */; };
		473A9C7426EA3C7F0013AE8B /* Accessibility.swift in Sources */ = {isa = PBXBuildFile; fileRef = 473A9C7326EA3C7F0013AE8B /* Accessibility.swift */; };
		473A9C7526EA3C890013AE8B /* Accessibility.swift in Sources */ = {isa = PBXBuildFile; fileRef = 473A9C7326EA3C7F0013AE8B /* Accessibility.swift */; };
		473A9C7626EA3C8D0013AE8B /* Accessibility.swift in Sources */ = {isa = PBXBuildFile; fileRef = 473A9C7326EA3C7F0013AE8B /* Accessibility.swift */; };
		473A9C7826EA42BA0013AE8B /* TestConstants.swift in Sources */ = {isa = PBXBuildFile; fileRef = 473A9C7726EA42BA0013AE8B /* TestConstants.swift */; };
		473A9C7926EA42D30013AE8B /* TestConstants.swift in Sources */ = {isa = PBXBuildFile; fileRef = 473A9C7726EA42BA0013AE8B /* TestConstants.swift */; };
		473A9C7C26EA46150013AE8B /* CoreDataManager.swift in Sources */ = {isa = PBXBuildFile; fileRef = 473A9C7B26EA46100013AE8B /* CoreDataManager.swift */; };
		4763EEC326D3D51300893DD9 /* AppDelegate.swift in Sources */ = {isa = PBXBuildFile; fileRef = 4763EEC226D3D51300893DD9 /* AppDelegate.swift */; };
		4763EEC526D3D51300893DD9 /* SceneDelegate.swift in Sources */ = {isa = PBXBuildFile; fileRef = 4763EEC426D3D51300893DD9 /* SceneDelegate.swift */; };
		4763EEC726D3D51300893DD9 /* MoviesListViewController.swift in Sources */ = {isa = PBXBuildFile; fileRef = 4763EEC626D3D51300893DD9 /* MoviesListViewController.swift */; };
		4763EECA26D3D51300893DD9 /* Main.storyboard in Resources */ = {isa = PBXBuildFile; fileRef = 4763EEC826D3D51300893DD9 /* Main.storyboard */; };
		4763EECC26D3D51B00893DD9 /* Assets.xcassets in Resources */ = {isa = PBXBuildFile; fileRef = 4763EECB26D3D51B00893DD9 /* Assets.xcassets */; };
		4763EECF26D3D51B00893DD9 /* LaunchScreen.storyboard in Resources */ = {isa = PBXBuildFile; fileRef = 4763EECD26D3D51B00893DD9 /* LaunchScreen.storyboard */; };
		477EF76D26DD20520092A326 /* MovieDetailsViewController.swift in Sources */ = {isa = PBXBuildFile; fileRef = 477EF76C26DD20520092A326 /* MovieDetailsViewController.swift */; };
		4799628B26DFA7DB00459245 /* NetworkUrl.swift in Sources */ = {isa = PBXBuildFile; fileRef = 4799628A26DFA7DB00459245 /* NetworkUrl.swift */; };
		4799628E26DFAD9400459245 /* BaseRepositoryRemote.swift in Sources */ = {isa = PBXBuildFile; fileRef = 4799628D26DFAD9400459245 /* BaseRepositoryRemote.swift */; };
		4799629326DFB04000459245 /* MoviesRepositoryRemote.swift in Sources */ = {isa = PBXBuildFile; fileRef = 4799629226DFB04000459245 /* MoviesRepositoryRemote.swift */; };
		4799629526DFB10600459245 /* MovieRepositoryRemote.swift in Sources */ = {isa = PBXBuildFile; fileRef = 4799629426DFB10600459245 /* MovieRepositoryRemote.swift */; };
		4799629726DFB17300459245 /* MovieImageRepositoryRemote.swift in Sources */ = {isa = PBXBuildFile; fileRef = 4799629626DFB17300459245 /* MovieImageRepositoryRemote.swift */; };
		4799629926DFB2EB00459245 /* MovieRepositoryLocal.swift in Sources */ = {isa = PBXBuildFile; fileRef = 4799629826DFB2EB00459245 /* MovieRepositoryLocal.swift */; };
		4799629B26DFB50300459245 /* MovieRepository.swift in Sources */ = {isa = PBXBuildFile; fileRef = 4799629A26DFB50300459245 /* MovieRepository.swift */; };
		4799629D26DFD08C00459245 /* Company.swift in Sources */ = {isa = PBXBuildFile; fileRef = 4799629C26DFD08C00459245 /* Company.swift */; };
		479962A126DFD54B00459245 /* MoviesListConfigurator.swift in Sources */ = {isa = PBXBuildFile; fileRef = 479962A026DFD54B00459245 /* MoviesListConfigurator.swift */; };
		479962E626E119EF00459245 /* MoviesTests.swift in Sources */ = {isa = PBXBuildFile; fileRef = 479962E526E119EF00459245 /* MoviesTests.swift */; };
		479962EF26E11DE700459245 /* json_movies_success.json in Resources */ = {isa = PBXBuildFile; fileRef = 479962EE26E11DE700459245 /* json_movies_success.json */; };
		47A1941026EA378E00061A9C /* json_movies_success.json in Resources */ = {isa = PBXBuildFile; fileRef = 47A1940F26EA378300061A9C /* json_movies_success.json */; };
		47A1941226EA37E200061A9C /* MockUtils.swift in Sources */ = {isa = PBXBuildFile; fileRef = 47A1941126EA37E200061A9C /* MockUtils.swift */; };
		AD5086CA4417265BA327C7E3 /* Pods_MoviesMock.framework in Frameworks */ = {isa = PBXBuildFile; fileRef = E46C743B807C9A9D1AED4E11 /* Pods_MoviesMock.framework */; };
		C56C63714A99193E75EA63F0 /* Pods_Movies.framework in Frameworks */ = {isa = PBXBuildFile; fileRef = 4794386922F4F0AD15B4B6AA /* Pods_Movies.framework */; };
/* End PBXBuildFile section */

/* Begin PBXContainerItemProxy section */
		471C2BBB26E7B0000030B64E /* PBXContainerItemProxy */ = {
			isa = PBXContainerItemProxy;
			containerPortal = 4763EEB726D3D51200893DD9 /* Project object */;
			proxyType = 1;
			remoteGlobalIDString = 4763EEBE26D3D51300893DD9;
			remoteInfo = Movies;
		};
		479962E826E119EF00459245 /* PBXContainerItemProxy */ = {
			isa = PBXContainerItemProxy;
			containerPortal = 4763EEB726D3D51200893DD9 /* Project object */;
			proxyType = 1;
			remoteGlobalIDString = 4763EEBE26D3D51300893DD9;
			remoteInfo = Movies;
		};
		47A1941326EA39D300061A9C /* PBXContainerItemProxy */ = {
			isa = PBXContainerItemProxy;
			containerPortal = 4763EEB726D3D51200893DD9 /* Project object */;
			proxyType = 1;
			remoteGlobalIDString = 471C2BC326E7B9AC0030B64E;
			remoteInfo = MoviesMock;
		};
/* End PBXContainerItemProxy section */

/* Begin PBXFileReference section */
		15CEB5CC9EF05752CF7A6359 /* Pods-MoviesMock.release.xcconfig */ = {isa = PBXFileReference; includeInIndex = 1; lastKnownFileType = text.xcconfig; name = "Pods-MoviesMock.release.xcconfig"; path = "Target Support Files/Pods-MoviesMock/Pods-MoviesMock.release.xcconfig"; sourceTree = "<group>"; };
		2AF7E1B6C00CB7B8897635F1 /* Pods-MoviesMock.debug.xcconfig */ = {isa = PBXFileReference; includeInIndex = 1; lastKnownFileType = text.xcconfig; name = "Pods-MoviesMock.debug.xcconfig"; path = "Target Support Files/Pods-MoviesMock/Pods-MoviesMock.debug.xcconfig"; sourceTree = "<group>"; };
		4704454D26D7C71F0072CFC1 /* MoviesModel.xcdatamodel */ = {isa = PBXFileReference; lastKnownFileType = wrapper.xcdatamodel; path = MoviesModel.xcdatamodel; sourceTree = "<group>"; };
		4704454F26D7CB110072CFC1 /* CoreDataManager.swift */ = {isa = PBXFileReference; lastKnownFileType = sourcecode.swift; path = CoreDataManager.swift; sourceTree = "<group>"; };
		4704455126D7DE580072CFC1 /* MoviesModel 2.xcdatamodel */ = {isa = PBXFileReference; lastKnownFileType = wrapper.xcdatamodel; path = "MoviesModel 2.xcdatamodel"; sourceTree = "<group>"; };
		4704455226D7E2DF0072CFC1 /* Model 2.xcmappingmodel */ = {isa = PBXFileReference; lastKnownFileType = wrapper.xcmappingmodel; path = "Model 2.xcmappingmodel"; sourceTree = "<group>"; };
		471C2BB626E7AFFF0030B64E /* MoviesUITests.xctest */ = {isa = PBXFileReference; explicitFileType = wrapper.cfbundle; includeInIndex = 0; path = MoviesUITests.xctest; sourceTree = BUILT_PRODUCTS_DIR; };
		471C2BB826E7AFFF0030B64E /* MoviesUITests.swift */ = {isa = PBXFileReference; lastKnownFileType = sourcecode.swift; path = MoviesUITests.swift; sourceTree = "<group>"; };
		471C2BBA26E7AFFF0030B64E /* Info.plist */ = {isa = PBXFileReference; lastKnownFileType = text.plist.xml; path = Info.plist; sourceTree = "<group>"; };
		471C2BC426E7B9AC0030B64E /* MoviesMock.app */ = {isa = PBXFileReference; explicitFileType = wrapper.application; includeInIndex = 0; path = MoviesMock.app; sourceTree = BUILT_PRODUCTS_DIR; };
		471C2BD426E7B9AF0030B64E /* Info.plist */ = {isa = PBXFileReference; lastKnownFileType = text.plist.xml; path = Info.plist; sourceTree = "<group>"; };
		471C2BF226E7BD370030B64E /* FakeNetworkManager.swift */ = {isa = PBXFileReference; lastKnownFileType = sourcecode.swift; path = FakeNetworkManager.swift; sourceTree = "<group>"; };
		471C2BF526E7BE560030B64E /* SceneDelegate.swift */ = {isa = PBXFileReference; lastKnownFileType = sourcecode.swift; path = SceneDelegate.swift; sourceTree = "<group>"; };
		471C2BF926E7BF7F0030B64E /* MoviesListConfigurator.swift */ = {isa = PBXFileReference; lastKnownFileType = sourcecode.swift; path = MoviesListConfigurator.swift; sourceTree = "<group>"; };
		472CA4E526DE5C5200E3BB70 /* Coordinator.swift */ = {isa = PBXFileReference; lastKnownFileType = sourcecode.swift; path = Coordinator.swift; sourceTree = "<group>"; };
		472CA4E726DE5D3A00E3BB70 /* MainCoordinator.swift */ = {isa = PBXFileReference; lastKnownFileType = sourcecode.swift; path = MainCoordinator.swift; sourceTree = "<group>"; };
		473485D826D3DE1E00FD3D46 /* MoviesResponse.swift */ = {isa = PBXFileReference; lastKnownFileType = sourcecode.swift; path = MoviesResponse.swift; sourceTree = "<group>"; };
		473485DA26D3DEEA00FD3D46 /* Movie.swift */ = {isa = PBXFileReference; lastKnownFileType = sourcecode.swift; path = Movie.swift; sourceTree = "<group>"; };
		473485DD26D3EE5200FD3D46 /* MainNetworkManager.swift */ = {isa = PBXFileReference; lastKnownFileType = sourcecode.swift; path = MainNetworkManager.swift; sourceTree = "<group>"; };
		473485DF26D3F02600FD3D46 /* NetworkError.swift */ = {isa = PBXFileReference; lastKnownFileType = sourcecode.swift; path = NetworkError.swift; sourceTree = "<group>"; };
		473485E126D3F65800FD3D46 /* MovieCell.swift */ = {isa = PBXFileReference; lastKnownFileType = sourcecode.swift; path = MovieCell.swift; sourceTree = "<group>"; };
		473485E626D521DF00FD3D46 /* MovieViewModel.swift */ = {isa = PBXFileReference; lastKnownFileType = sourcecode.swift; path = MovieViewModel.swift; sourceTree = "<group>"; };
		4737391926E24B6900060619 /* UnitTestUtils.swift */ = {isa = PBXFileReference; lastKnownFileType = sourcecode.swift; path = UnitTestUtils.swift; sourceTree = "<group>"; };
		4737392026E24F4100060619 /* MovieImageRepositoryRemoteTest.swift */ = {isa = PBXFileReference; lastKnownFileType = sourcecode.swift; path = MovieImageRepositoryRemoteTest.swift; sourceTree = "<group>"; };
		4737392226E253C100060619 /* FakeNetworkManager.swift */ = {isa = PBXFileReference; lastKnownFileType = sourcecode.swift; path = FakeNetworkManager.swift; sourceTree = "<group>"; };
		4737392426E2557800060619 /* BaseRepositoryRemoteTest.swift */ = {isa = PBXFileReference; lastKnownFileType = sourcecode.swift; path = BaseRepositoryRemoteTest.swift; sourceTree = "<group>"; };
		4737392926E25B2200060619 /* MovieViewModelTest.swift */ = {isa = PBXFileReference; lastKnownFileType = sourcecode.swift; path = MovieViewModelTest.swift; sourceTree = "<group>"; };
		473A9C7326EA3C7F0013AE8B /* Accessibility.swift */ = {isa = PBXFileReference; lastKnownFileType = sourcecode.swift; path = Accessibility.swift; sourceTree = "<group>"; };
		473A9C7726EA42BA0013AE8B /* TestConstants.swift */ = {isa = PBXFileReference; lastKnownFileType = sourcecode.swift; path = TestConstants.swift; sourceTree = "<group>"; };
		473A9C7B26EA46100013AE8B /* CoreDataManager.swift */ = {isa = PBXFileReference; lastKnownFileType = sourcecode.swift; path = CoreDataManager.swift; sourceTree = "<group>"; };
		4763EEBF26D3D51300893DD9 /* Movies.app */ = {isa = PBXFileReference; explicitFileType = wrapper.application; includeInIndex = 0; path = Movies.app; sourceTree = BUILT_PRODUCTS_DIR; };
		4763EEC226D3D51300893DD9 /* AppDelegate.swift */ = {isa = PBXFileReference; lastKnownFileType = sourcecode.swift; path = AppDelegate.swift; sourceTree = "<group>"; };
		4763EEC426D3D51300893DD9 /* SceneDelegate.swift */ = {isa = PBXFileReference; lastKnownFileType = sourcecode.swift; path = SceneDelegate.swift; sourceTree = "<group>"; };
		4763EEC626D3D51300893DD9 /* MoviesListViewController.swift */ = {isa = PBXFileReference; lastKnownFileType = sourcecode.swift; path = MoviesListViewController.swift; sourceTree = "<group>"; };
		4763EEC926D3D51300893DD9 /* Base */ = {isa = PBXFileReference; lastKnownFileType = file.storyboard; name = Base; path = Base.lproj/Main.storyboard; sourceTree = "<group>"; };
		4763EECB26D3D51B00893DD9 /* Assets.xcassets */ = {isa = PBXFileReference; lastKnownFileType = folder.assetcatalog; path = Assets.xcassets; sourceTree = "<group>"; };
		4763EECE26D3D51B00893DD9 /* Base */ = {isa = PBXFileReference; lastKnownFileType = file.storyboard; name = Base; path = Base.lproj/LaunchScreen.storyboard; sourceTree = "<group>"; };
		4763EED026D3D51B00893DD9 /* Info.plist */ = {isa = PBXFileReference; lastKnownFileType = text.plist.xml; path = Info.plist; sourceTree = "<group>"; };
		477EF76C26DD20520092A326 /* MovieDetailsViewController.swift */ = {isa = PBXFileReference; lastKnownFileType = sourcecode.swift; path = MovieDetailsViewController.swift; sourceTree = "<group>"; };
		4794386922F4F0AD15B4B6AA /* Pods_Movies.framework */ = {isa = PBXFileReference; explicitFileType = wrapper.framework; includeInIndex = 0; path = Pods_Movies.framework; sourceTree = BUILT_PRODUCTS_DIR; };
		4799628A26DFA7DB00459245 /* NetworkUrl.swift */ = {isa = PBXFileReference; lastKnownFileType = sourcecode.swift; path = NetworkUrl.swift; sourceTree = "<group>"; };
		4799628D26DFAD9400459245 /* BaseRepositoryRemote.swift */ = {isa = PBXFileReference; lastKnownFileType = sourcecode.swift; path = BaseRepositoryRemote.swift; sourceTree = "<group>"; };
		4799629226DFB04000459245 /* MoviesRepositoryRemote.swift */ = {isa = PBXFileReference; lastKnownFileType = sourcecode.swift; path = MoviesRepositoryRemote.swift; sourceTree = "<group>"; };
		4799629426DFB10600459245 /* MovieRepositoryRemote.swift */ = {isa = PBXFileReference; lastKnownFileType = sourcecode.swift; path = MovieRepositoryRemote.swift; sourceTree = "<group>"; };
		4799629626DFB17300459245 /* MovieImageRepositoryRemote.swift */ = {isa = PBXFileReference; lastKnownFileType = sourcecode.swift; path = MovieImageRepositoryRemote.swift; sourceTree = "<group>"; };
		4799629826DFB2EB00459245 /* MovieRepositoryLocal.swift */ = {isa = PBXFileReference; lastKnownFileType = sourcecode.swift; path = MovieRepositoryLocal.swift; sourceTree = "<group>"; };
		4799629A26DFB50300459245 /* MovieRepository.swift */ = {isa = PBXFileReference; lastKnownFileType = sourcecode.swift; path = MovieRepository.swift; sourceTree = "<group>"; };
		4799629C26DFD08C00459245 /* Company.swift */ = {isa = PBXFileReference; lastKnownFileType = sourcecode.swift; path = Company.swift; sourceTree = "<group>"; };
		479962A026DFD54B00459245 /* MoviesListConfigurator.swift */ = {isa = PBXFileReference; lastKnownFileType = sourcecode.swift; path = MoviesListConfigurator.swift; sourceTree = "<group>"; };
		479962A226E0670700459245 /* Components.png */ = {isa = PBXFileReference; lastKnownFileType = image.png; path = Components.png; sourceTree = "<group>"; };
		479962E326E119EF00459245 /* MoviesTests.xctest */ = {isa = PBXFileReference; explicitFileType = wrapper.cfbundle; includeInIndex = 0; path = MoviesTests.xctest; sourceTree = BUILT_PRODUCTS_DIR; };
		479962E526E119EF00459245 /* MoviesTests.swift */ = {isa = PBXFileReference; lastKnownFileType = sourcecode.swift; path = MoviesTests.swift; sourceTree = "<group>"; };
		479962E726E119EF00459245 /* Info.plist */ = {isa = PBXFileReference; lastKnownFileType = text.plist.xml; path = Info.plist; sourceTree = "<group>"; };
		479962EE26E11DE700459245 /* json_movies_success.json */ = {isa = PBXFileReference; lastKnownFileType = text.json; path = json_movies_success.json; sourceTree = "<group>"; };
		47A1940F26EA378300061A9C /* json_movies_success.json */ = {isa = PBXFileReference; lastKnownFileType = text.json; path = json_movies_success.json; sourceTree = "<group>"; };
		47A1941126EA37E200061A9C /* MockUtils.swift */ = {isa = PBXFileReference; lastKnownFileType = sourcecode.swift; path = MockUtils.swift; sourceTree = "<group>"; };
		5484CE0C8EAAA68F9834F355 /* Pods-Movies.debug.xcconfig */ = {isa = PBXFileReference; includeInIndex = 1; lastKnownFileType = text.xcconfig; name = "Pods-Movies.debug.xcconfig"; path = "Target Support Files/Pods-Movies/Pods-Movies.debug.xcconfig"; sourceTree = "<group>"; };
		E46C743B807C9A9D1AED4E11 /* Pods_MoviesMock.framework */ = {isa = PBXFileReference; explicitFileType = wrapper.framework; includeInIndex = 0; path = Pods_MoviesMock.framework; sourceTree = BUILT_PRODUCTS_DIR; };
		F38DB0F44712A50318266CF9 /* Pods-Movies.release.xcconfig */ = {isa = PBXFileReference; includeInIndex = 1; lastKnownFileType = text.xcconfig; name = "Pods-Movies.release.xcconfig"; path = "Target Support Files/Pods-Movies/Pods-Movies.release.xcconfig"; sourceTree = "<group>"; };
/* End PBXFileReference section */

/* Begin PBXFrameworksBuildPhase section */
		471C2BB326E7AFFF0030B64E /* Frameworks */ = {
			isa = PBXFrameworksBuildPhase;
			buildActionMask = 2147483647;
			files = (
			);
			runOnlyForDeploymentPostprocessing = 0;
		};
		471C2BC126E7B9AC0030B64E /* Frameworks */ = {
			isa = PBXFrameworksBuildPhase;
			buildActionMask = 2147483647;
			files = (
				AD5086CA4417265BA327C7E3 /* Pods_MoviesMock.framework in Frameworks */,
			);
			runOnlyForDeploymentPostprocessing = 0;
		};
		4763EEBC26D3D51300893DD9 /* Frameworks */ = {
			isa = PBXFrameworksBuildPhase;
			buildActionMask = 2147483647;
			files = (
				C56C63714A99193E75EA63F0 /* Pods_Movies.framework in Frameworks */,
			);
			runOnlyForDeploymentPostprocessing = 0;
		};
		479962E026E119EF00459245 /* Frameworks */ = {
			isa = PBXFrameworksBuildPhase;
			buildActionMask = 2147483647;
			files = (
			);
			runOnlyForDeploymentPostprocessing = 0;
		};
/* End PBXFrameworksBuildPhase section */

/* Begin PBXGroup section */
		08C52D837606DAFC9D9331FC /* Frameworks */ = {
			isa = PBXGroup;
			children = (
				4794386922F4F0AD15B4B6AA /* Pods_Movies.framework */,
				E46C743B807C9A9D1AED4E11 /* Pods_MoviesMock.framework */,
			);
			name = Frameworks;
			sourceTree = "<group>";
		};
		4704454B26D7C6700072CFC1 /* CoreData */ = {
			isa = PBXGroup;
			children = (
				4704454C26D7C71F0072CFC1 /* MoviesModel.xcdatamodeld */,
				4704454F26D7CB110072CFC1 /* CoreDataManager.swift */,
				4704455226D7E2DF0072CFC1 /* Model 2.xcmappingmodel */,
			);
			path = CoreData;
			sourceTree = "<group>";
		};
		471C2BB726E7AFFF0030B64E /* MoviesUITests */ = {
			isa = PBXGroup;
			children = (
				473A9C7726EA42BA0013AE8B /* TestConstants.swift */,
				471C2BB826E7AFFF0030B64E /* MoviesUITests.swift */,
				471C2BBA26E7AFFF0030B64E /* Info.plist */,
			);
			path = MoviesUITests;
			sourceTree = "<group>";
		};
		471C2BC526E7B9AC0030B64E /* MoviesMock */ = {
			isa = PBXGroup;
			children = (
				47A1941126EA37E200061A9C /* MockUtils.swift */,
				471C2BF526E7BE560030B64E /* SceneDelegate.swift */,
				471C2BF226E7BD370030B64E /* FakeNetworkManager.swift */,
				473A9C7A26EA46060013AE8B /* CoreData */,
				471C2BF726E7BF5D0030B64E /* Views */,
				471C2BD426E7B9AF0030B64E /* Info.plist */,
			);
			path = MoviesMock;
			sourceTree = "<group>";
		};
		471C2BF726E7BF5D0030B64E /* Views */ = {
			isa = PBXGroup;
			children = (
				471C2BF826E7BF6A0030B64E /* MoviesList */,
			);
			path = Views;
			sourceTree = "<group>";
		};
		471C2BF826E7BF6A0030B64E /* MoviesList */ = {
			isa = PBXGroup;
			children = (
				47A1940E26EA376B00061A9C /* jsons */,
				471C2BF926E7BF7F0030B64E /* MoviesListConfigurator.swift */,
			);
			path = MoviesList;
			sourceTree = "<group>";
		};
		472CA4E426DE5C3B00E3BB70 /* Coordinator */ = {
			isa = PBXGroup;
			children = (
				472CA4E526DE5C5200E3BB70 /* Coordinator.swift */,
				472CA4E726DE5D3A00E3BB70 /* MainCoordinator.swift */,
			);
			path = Coordinator;
			sourceTree = "<group>";
		};
		473485DC26D3EE3600FD3D46 /* NetworkManager */ = {
			isa = PBXGroup;
			children = (
				473485DD26D3EE5200FD3D46 /* MainNetworkManager.swift */,
				473485DF26D3F02600FD3D46 /* NetworkError.swift */,
				4799628A26DFA7DB00459245 /* NetworkUrl.swift */,
			);
			path = NetworkManager;
			sourceTree = "<group>";
		};
		473485E526D520F800FD3D46 /* ViewModels */ = {
			isa = PBXGroup;
			children = (
				473485E626D521DF00FD3D46 /* MovieViewModel.swift */,
			);
			path = ViewModels;
			sourceTree = "<group>";
		};
		4737391B26E24D8400060619 /* Repositories */ = {
			isa = PBXGroup;
			children = (
				4737392426E2557800060619 /* BaseRepositoryRemoteTest.swift */,
				4737392226E253C100060619 /* FakeNetworkManager.swift */,
				4737391C26E24DBC00060619 /* Movies */,
			);
			path = Repositories;
			sourceTree = "<group>";
		};
		4737391C26E24DBC00060619 /* Movies */ = {
			isa = PBXGroup;
			children = (
				479962ED26E11D9E00459245 /* jsons */,
				4737391F26E24DDB00060619 /* Remote */,
				4737391E26E24DD600060619 /* Local */,
				4737391D26E24DC500060619 /* Models */,
			);
			path = Movies;
			sourceTree = "<group>";
		};
		4737391D26E24DC500060619 /* Models */ = {
			isa = PBXGroup;
			children = (
				479962E526E119EF00459245 /* MoviesTests.swift */,
			);
			path = Models;
			sourceTree = "<group>";
		};
		4737391E26E24DD600060619 /* Local */ = {
			isa = PBXGroup;
			children = (
			);
			path = Local;
			sourceTree = "<group>";
		};
		4737391F26E24DDB00060619 /* Remote */ = {
			isa = PBXGroup;
			children = (
				4737392026E24F4100060619 /* MovieImageRepositoryRemoteTest.swift */,
			);
			path = Remote;
			sourceTree = "<group>";
		};
		4737392826E25AFC00060619 /* Movies */ = {
			isa = PBXGroup;
			children = (
				4737392926E25B2200060619 /* MovieViewModelTest.swift */,
			);
			path = Movies;
			sourceTree = "<group>";
		};
		473A9C7A26EA46060013AE8B /* CoreData */ = {
			isa = PBXGroup;
			children = (
				473A9C7B26EA46100013AE8B /* CoreDataManager.swift */,
			);
			path = CoreData;
			sourceTree = "<group>";
		};
		4763EEB626D3D51200893DD9 = {
			isa = PBXGroup;
			children = (
				4763EEC126D3D51300893DD9 /* Movies */,
				479962E426E119EF00459245 /* MoviesTests */,
				471C2BB726E7AFFF0030B64E /* MoviesUITests */,
				471C2BC526E7B9AC0030B64E /* MoviesMock */,
				4763EEC026D3D51300893DD9 /* Products */,
				912A3DE7B861FF2570F89566 /* Pods */,
				08C52D837606DAFC9D9331FC /* Frameworks */,
			);
			sourceTree = "<group>";
		};
		4763EEC026D3D51300893DD9 /* Products */ = {
			isa = PBXGroup;
			children = (
				4763EEBF26D3D51300893DD9 /* Movies.app */,
				479962E326E119EF00459245 /* MoviesTests.xctest */,
				471C2BB626E7AFFF0030B64E /* MoviesUITests.xctest */,
				471C2BC426E7B9AC0030B64E /* MoviesMock.app */,
			);
			name = Products;
			sourceTree = "<group>";
		};
		4763EEC126D3D51300893DD9 /* Movies */ = {
			isa = PBXGroup;
			children = (
				479962A226E0670700459245 /* Components.png */,
				4763EEC226D3D51300893DD9 /* AppDelegate.swift */,
				4763EEC426D3D51300893DD9 /* SceneDelegate.swift */,
				472CA4E426DE5C3B00E3BB70 /* Coordinator */,
				4704454B26D7C6700072CFC1 /* CoreData */,
				473485DC26D3EE3600FD3D46 /* NetworkManager */,
				4799628C26DFAD2500459245 /* Repositories */,
				4763EED826D3DC1100893DD9 /* Models */,
				473485E526D520F800FD3D46 /* ViewModels */,
				4763EED626D3DBFE00893DD9 /* Views */,
				4763EECB26D3D51B00893DD9 /* Assets.xcassets */,
				4763EECD26D3D51B00893DD9 /* LaunchScreen.storyboard */,
				4763EED026D3D51B00893DD9 /* Info.plist */,
			);
			path = Movies;
			sourceTree = "<group>";
		};
		4763EED626D3DBFE00893DD9 /* Views */ = {
			isa = PBXGroup;
			children = (
				4763EEC826D3D51300893DD9 /* Main.storyboard */,
				473A9C7326EA3C7F0013AE8B /* Accessibility.swift */,
				4799629E26DFD4FF00459245 /* MoviesList */,
				4799629F26DFD51000459245 /* MovieDetail */,
			);
			path = Views;
			sourceTree = "<group>";
		};
		4763EED826D3DC1100893DD9 /* Models */ = {
			isa = PBXGroup;
			children = (
				473485D826D3DE1E00FD3D46 /* MoviesResponse.swift */,
				473485DA26D3DEEA00FD3D46 /* Movie.swift */,
				4799629C26DFD08C00459245 /* Company.swift */,
			);
			path = Models;
			sourceTree = "<group>";
		};
		4799628C26DFAD2500459245 /* Repositories */ = {
			isa = PBXGroup;
			children = (
				4799628D26DFAD9400459245 /* BaseRepositoryRemote.swift */,
				4799628F26DFB00500459245 /* Movies */,
			);
			path = Repositories;
			sourceTree = "<group>";
		};
		4799628F26DFB00500459245 /* Movies */ = {
			isa = PBXGroup;
			children = (
				4799629A26DFB50300459245 /* MovieRepository.swift */,
				4799629126DFB01700459245 /* Local */,
				4799629026DFB01300459245 /* Remote */,
			);
			path = Movies;
			sourceTree = "<group>";
		};
		4799629026DFB01300459245 /* Remote */ = {
			isa = PBXGroup;
			children = (
				4799629226DFB04000459245 /* MoviesRepositoryRemote.swift */,
				4799629426DFB10600459245 /* MovieRepositoryRemote.swift */,
				4799629626DFB17300459245 /* MovieImageRepositoryRemote.swift */,
			);
			path = Remote;
			sourceTree = "<group>";
		};
		4799629126DFB01700459245 /* Local */ = {
			isa = PBXGroup;
			children = (
				4799629826DFB2EB00459245 /* MovieRepositoryLocal.swift */,
			);
			path = Local;
			sourceTree = "<group>";
		};
		4799629E26DFD4FF00459245 /* MoviesList */ = {
			isa = PBXGroup;
			children = (
				4763EEC626D3D51300893DD9 /* MoviesListViewController.swift */,
				473485E126D3F65800FD3D46 /* MovieCell.swift */,
				479962A026DFD54B00459245 /* MoviesListConfigurator.swift */,
			);
			path = MoviesList;
			sourceTree = "<group>";
		};
		4799629F26DFD51000459245 /* MovieDetail */ = {
			isa = PBXGroup;
			children = (
				477EF76C26DD20520092A326 /* MovieDetailsViewController.swift */,
			);
			path = MovieDetail;
			sourceTree = "<group>";
		};
		479962E426E119EF00459245 /* MoviesTests */ = {
			isa = PBXGroup;
			children = (
				4737391926E24B6900060619 /* UnitTestUtils.swift */,
				4737392826E25AFC00060619 /* Movies */,
				4737391B26E24D8400060619 /* Repositories */,
				479962E726E119EF00459245 /* Info.plist */,
			);
			path = MoviesTests;
			sourceTree = "<group>";
		};
		479962ED26E11D9E00459245 /* jsons */ = {
			isa = PBXGroup;
			children = (
				479962EE26E11DE700459245 /* json_movies_success.json */,
			);
			path = jsons;
			sourceTree = "<group>";
		};
		47A1940E26EA376B00061A9C /* jsons */ = {
			isa = PBXGroup;
			children = (
				47A1940F26EA378300061A9C /* json_movies_success.json */,
			);
			path = jsons;
			sourceTree = "<group>";
		};
		912A3DE7B861FF2570F89566 /* Pods */ = {
			isa = PBXGroup;
			children = (
				5484CE0C8EAAA68F9834F355 /* Pods-Movies.debug.xcconfig */,
				F38DB0F44712A50318266CF9 /* Pods-Movies.release.xcconfig */,
				2AF7E1B6C00CB7B8897635F1 /* Pods-MoviesMock.debug.xcconfig */,
				15CEB5CC9EF05752CF7A6359 /* Pods-MoviesMock.release.xcconfig */,
			);
			path = Pods;
			sourceTree = "<group>";
		};
/* End PBXGroup section */

/* Begin PBXNativeTarget section */
		471C2BB526E7AFFF0030B64E /* MoviesUITests */ = {
			isa = PBXNativeTarget;
			buildConfigurationList = 471C2BBF26E7B0000030B64E /* Build configuration list for PBXNativeTarget "MoviesUITests" */;
			buildPhases = (
				471C2BB226E7AFFF0030B64E /* Sources */,
				471C2BB326E7AFFF0030B64E /* Frameworks */,
				471C2BB426E7AFFF0030B64E /* Resources */,
			);
			buildRules = (
			);
			dependencies = (
				471C2BBC26E7B0000030B64E /* PBXTargetDependency */,
				47A1941426EA39D300061A9C /* PBXTargetDependency */,
			);
			name = MoviesUITests;
			productName = MoviesUITests;
			productReference = 471C2BB626E7AFFF0030B64E /* MoviesUITests.xctest */;
			productType = "com.apple.product-type.bundle.ui-testing";
		};
		471C2BC326E7B9AC0030B64E /* MoviesMock */ = {
			isa = PBXNativeTarget;
			buildConfigurationList = 471C2BD526E7B9AF0030B64E /* Build configuration list for PBXNativeTarget "MoviesMock" */;
			buildPhases = (
				4AC1E5AE9B9BD5366876A4B4 /* [CP] Check Pods Manifest.lock */,
				471C2BC026E7B9AC0030B64E /* Sources */,
				471C2BC126E7B9AC0030B64E /* Frameworks */,
				471C2BC226E7B9AC0030B64E /* Resources */,
				D1DA16128107C3747077C346 /* [CP] Embed Pods Frameworks */,
			);
			buildRules = (
			);
			dependencies = (
			);
			name = MoviesMock;
			productName = MoviesMock;
			productReference = 471C2BC426E7B9AC0030B64E /* MoviesMock.app */;
			productType = "com.apple.product-type.application";
		};
		4763EEBE26D3D51300893DD9 /* Movies */ = {
			isa = PBXNativeTarget;
			buildConfigurationList = 4763EED326D3D51B00893DD9 /* Build configuration list for PBXNativeTarget "Movies" */;
			buildPhases = (
				54152E54247A0DBEE4E9D25C /* [CP] Check Pods Manifest.lock */,
				4763EEBB26D3D51300893DD9 /* Sources */,
				4763EEBC26D3D51300893DD9 /* Frameworks */,
				4763EEBD26D3D51300893DD9 /* Resources */,
				05C3D303431F98945C2B0BE2 /* [CP] Embed Pods Frameworks */,
			);
			buildRules = (
			);
			dependencies = (
			);
			name = Movies;
			productName = Movies;
			productReference = 4763EEBF26D3D51300893DD9 /* Movies.app */;
			productType = "com.apple.product-type.application";
		};
		479962E226E119EF00459245 /* MoviesTests */ = {
			isa = PBXNativeTarget;
			buildConfigurationList = 479962EC26E119EF00459245 /* Build configuration list for PBXNativeTarget "MoviesTests" */;
			buildPhases = (
				479962DF26E119EF00459245 /* Sources */,
				479962E026E119EF00459245 /* Frameworks */,
				479962E126E119EF00459245 /* Resources */,
			);
			buildRules = (
			);
			dependencies = (
				479962E926E119EF00459245 /* PBXTargetDependency */,
			);
			name = MoviesTests;
			productName = MoviesTests;
			productReference = 479962E326E119EF00459245 /* MoviesTests.xctest */;
			productType = "com.apple.product-type.bundle.unit-test";
		};
/* End PBXNativeTarget section */

/* Begin PBXProject section */
		4763EEB726D3D51200893DD9 /* Project object */ = {
			isa = PBXProject;
			attributes = {
				LastSwiftUpdateCheck = 1250;
				LastUpgradeCheck = 1250;
				TargetAttributes = {
					471C2BB526E7AFFF0030B64E = {
						CreatedOnToolsVersion = 12.5.1;
						TestTargetID = 471C2BC326E7B9AC0030B64E;
					};
					471C2BC326E7B9AC0030B64E = {
						CreatedOnToolsVersion = 12.5.1;
					};
					4763EEBE26D3D51300893DD9 = {
						CreatedOnToolsVersion = 12.5.1;
					};
					479962E226E119EF00459245 = {
						CreatedOnToolsVersion = 12.5.1;
						TestTargetID = 4763EEBE26D3D51300893DD9;
					};
				};
			};
			buildConfigurationList = 4763EEBA26D3D51200893DD9 /* Build configuration list for PBXProject "Movies" */;
			compatibilityVersion = "Xcode 9.3";
			developmentRegion = en;
			hasScannedForEncodings = 0;
			knownRegions = (
				en,
				Base,
			);
			mainGroup = 4763EEB626D3D51200893DD9;
			productRefGroup = 4763EEC026D3D51300893DD9 /* Products */;
			projectDirPath = "";
			projectRoot = "";
			targets = (
				4763EEBE26D3D51300893DD9 /* Movies */,
				471C2BC326E7B9AC0030B64E /* MoviesMock */,
				479962E226E119EF00459245 /* MoviesTests */,
				471C2BB526E7AFFF0030B64E /* MoviesUITests */,
			);
		};
/* End PBXProject section */

/* Begin PBXResourcesBuildPhase section */
		471C2BB426E7AFFF0030B64E /* Resources */ = {
			isa = PBXResourcesBuildPhase;
			buildActionMask = 2147483647;
			files = (
			);
			runOnlyForDeploymentPostprocessing = 0;
		};
		471C2BC226E7B9AC0030B64E /* Resources */ = {
			isa = PBXResourcesBuildPhase;
			buildActionMask = 2147483647;
			files = (
				47A1941026EA378E00061A9C /* json_movies_success.json in Resources */,
				471C2BF026E7BAAE0030B64E /* Assets.xcassets in Resources */,
				471C2BF126E7BAB20030B64E /* LaunchScreen.storyboard in Resources */,
			);
			runOnlyForDeploymentPostprocessing = 0;
		};
		4763EEBD26D3D51300893DD9 /* Resources */ = {
			isa = PBXResourcesBuildPhase;
			buildActionMask = 2147483647;
			files = (
				4763EECF26D3D51B00893DD9 /* LaunchScreen.storyboard in Resources */,
				4763EECC26D3D51B00893DD9 /* Assets.xcassets in Resources */,
				4763EECA26D3D51300893DD9 /* Main.storyboard in Resources */,
			);
			runOnlyForDeploymentPostprocessing = 0;
		};
		479962E126E119EF00459245 /* Resources */ = {
			isa = PBXResourcesBuildPhase;
			buildActionMask = 2147483647;
			files = (
				479962EF26E11DE700459245 /* json_movies_success.json in Resources */,
			);
			runOnlyForDeploymentPostprocessing = 0;
		};
/* End PBXResourcesBuildPhase section */

/* Begin PBXShellScriptBuildPhase section */
		05C3D303431F98945C2B0BE2 /* [CP] Embed Pods Frameworks */ = {
			isa = PBXShellScriptBuildPhase;
			buildActionMask = 2147483647;
			files = (
			);
			inputFileListPaths = (
				"${PODS_ROOT}/Target Support Files/Pods-Movies/Pods-Movies-frameworks-${CONFIGURATION}-input-files.xcfilelist",
			);
			name = "[CP] Embed Pods Frameworks";
			outputFileListPaths = (
				"${PODS_ROOT}/Target Support Files/Pods-Movies/Pods-Movies-frameworks-${CONFIGURATION}-output-files.xcfilelist",
			);
			runOnlyForDeploymentPostprocessing = 0;
			shellPath = /bin/sh;
			shellScript = "\"${PODS_ROOT}/Target Support Files/Pods-Movies/Pods-Movies-frameworks.sh\"\n";
			showEnvVarsInLog = 0;
		};
		4AC1E5AE9B9BD5366876A4B4 /* [CP] Check Pods Manifest.lock */ = {
			isa = PBXShellScriptBuildPhase;
			buildActionMask = 2147483647;
			files = (
			);
			inputFileListPaths = (
			);
			inputPaths = (
				"${PODS_PODFILE_DIR_PATH}/Podfile.lock",
				"${PODS_ROOT}/Manifest.lock",
			);
			name = "[CP] Check Pods Manifest.lock";
			outputFileListPaths = (
			);
			outputPaths = (
				"$(DERIVED_FILE_DIR)/Pods-MoviesMock-checkManifestLockResult.txt",
			);
			runOnlyForDeploymentPostprocessing = 0;
			shellPath = /bin/sh;
			shellScript = "diff \"${PODS_PODFILE_DIR_PATH}/Podfile.lock\" \"${PODS_ROOT}/Manifest.lock\" > /dev/null\nif [ $? != 0 ] ; then\n    # print error to STDERR\n    echo \"error: The sandbox is not in sync with the Podfile.lock. Run 'pod install' or update your CocoaPods installation.\" >&2\n    exit 1\nfi\n# This output is used by Xcode 'outputs' to avoid re-running this script phase.\necho \"SUCCESS\" > \"${SCRIPT_OUTPUT_FILE_0}\"\n";
			showEnvVarsInLog = 0;
		};
		54152E54247A0DBEE4E9D25C /* [CP] Check Pods Manifest.lock */ = {
			isa = PBXShellScriptBuildPhase;
			buildActionMask = 2147483647;
			files = (
			);
			inputFileListPaths = (
			);
			inputPaths = (
				"${PODS_PODFILE_DIR_PATH}/Podfile.lock",
				"${PODS_ROOT}/Manifest.lock",
			);
			name = "[CP] Check Pods Manifest.lock";
			outputFileListPaths = (
			);
			outputPaths = (
				"$(DERIVED_FILE_DIR)/Pods-Movies-checkManifestLockResult.txt",
			);
			runOnlyForDeploymentPostprocessing = 0;
			shellPath = /bin/sh;
			shellScript = "diff \"${PODS_PODFILE_DIR_PATH}/Podfile.lock\" \"${PODS_ROOT}/Manifest.lock\" > /dev/null\nif [ $? != 0 ] ; then\n    # print error to STDERR\n    echo \"error: The sandbox is not in sync with the Podfile.lock. Run 'pod install' or update your CocoaPods installation.\" >&2\n    exit 1\nfi\n# This output is used by Xcode 'outputs' to avoid re-running this script phase.\necho \"SUCCESS\" > \"${SCRIPT_OUTPUT_FILE_0}\"\n";
			showEnvVarsInLog = 0;
		};
		D1DA16128107C3747077C346 /* [CP] Embed Pods Frameworks */ = {
			isa = PBXShellScriptBuildPhase;
			buildActionMask = 2147483647;
			files = (
			);
			inputFileListPaths = (
				"${PODS_ROOT}/Target Support Files/Pods-MoviesMock/Pods-MoviesMock-frameworks-${CONFIGURATION}-input-files.xcfilelist",
			);
			name = "[CP] Embed Pods Frameworks";
			outputFileListPaths = (
				"${PODS_ROOT}/Target Support Files/Pods-MoviesMock/Pods-MoviesMock-frameworks-${CONFIGURATION}-output-files.xcfilelist",
			);
			runOnlyForDeploymentPostprocessing = 0;
			shellPath = /bin/sh;
			shellScript = "\"${PODS_ROOT}/Target Support Files/Pods-MoviesMock/Pods-MoviesMock-frameworks.sh\"\n";
			showEnvVarsInLog = 0;
		};
/* End PBXShellScriptBuildPhase section */

/* Begin PBXSourcesBuildPhase section */
		471C2BB226E7AFFF0030B64E /* Sources */ = {
			isa = PBXSourcesBuildPhase;
			buildActionMask = 2147483647;
			files = (
				473A9C7626EA3C8D0013AE8B /* Accessibility.swift in Sources */,
				473A9C7826EA42BA0013AE8B /* TestConstants.swift in Sources */,
				471C2BB926E7AFFF0030B64E /* MoviesUITests.swift in Sources */,
			);
			runOnlyForDeploymentPostprocessing = 0;
		};
		471C2BC026E7B9AC0030B64E /* Sources */ = {
			isa = PBXSourcesBuildPhase;
			buildActionMask = 2147483647;
			files = (
				471C2BEA26E7BA8B0030B64E /* Movie.swift in Sources */,
				471C2BE426E7BA7B0030B64E /* MovieRepositoryLocal.swift in Sources */,
				471C2BDF26E7BA710030B64E /* NetworkUrl.swift in Sources */,
				471C2BDE26E7BA6C0030B64E /* Model 2.xcmappingmodel in Sources */,
				471C2BE026E7BA710030B64E /* MainNetworkManager.swift in Sources */,
				471C2BF426E7BD780030B64E /* FakeNetworkManager.swift in Sources */,
				471C2BE526E7BA820030B64E /* MovieImageRepositoryRemote.swift in Sources */,
				473A9C7526EA3C890013AE8B /* Accessibility.swift in Sources */,
				471C2BE626E7BA820030B64E /* MovieRepositoryRemote.swift in Sources */,
				471C2BE726E7BA820030B64E /* MoviesRepositoryRemote.swift in Sources */,
				471C2BEF26E7BAAB0030B64E /* MovieDetailsViewController.swift in Sources */,
				471C2BDC26E7BA670030B64E /* MoviesModel.xcdatamodeld in Sources */,
				471C2BD826E7BA500030B64E /* AppDelegate.swift in Sources */,
				47A1941226EA37E200061A9C /* MockUtils.swift in Sources */,
				473A9C7926EA42D30013AE8B /* TestConstants.swift in Sources */,
				471C2BEB26E7BA8F0030B64E /* MovieViewModel.swift in Sources */,
				471C2BE826E7BA8B0030B64E /* MoviesResponse.swift in Sources */,
				471C2BE926E7BA8B0030B64E /* Company.swift in Sources */,
				471C2BEC26E7BAA70030B64E /* MoviesListViewController.swift in Sources */,
				471C2BDB26E7BA600030B64E /* MainCoordinator.swift in Sources */,
				471C2BEE26E7BAA70030B64E /* MovieCell.swift in Sources */,
				471C2BF626E7BE570030B64E /* SceneDelegate.swift in Sources */,
				471C2BE326E7BA780030B64E /* MovieRepository.swift in Sources */,
				471C2BDA26E7BA600030B64E /* Coordinator.swift in Sources */,
				473A9C7C26EA46150013AE8B /* CoreDataManager.swift in Sources */,
				471C2BE126E7BA710030B64E /* NetworkError.swift in Sources */,
				471C2BFA26E7BF870030B64E /* MoviesListConfigurator.swift in Sources */,
				471C2BE226E7BA750030B64E /* BaseRepositoryRemote.swift in Sources */,
			);
			runOnlyForDeploymentPostprocessing = 0;
		};
		4763EEBB26D3D51300893DD9 /* Sources */ = {
			isa = PBXSourcesBuildPhase;
			buildActionMask = 2147483647;
			files = (
				4704454E26D7C71F0072CFC1 /* MoviesModel.xcdatamodeld in Sources */,
				473485DE26D3EE5200FD3D46 /* MainNetworkManager.swift in Sources */,
				477EF76D26DD20520092A326 /* MovieDetailsViewController.swift in Sources */,
				473485E026D3F02600FD3D46 /* NetworkError.swift in Sources */,
				473485E226D3F65800FD3D46 /* MovieCell.swift in Sources */,
				4763EEC726D3D51300893DD9 /* MoviesListViewController.swift in Sources */,
				472CA4E626DE5C5200E3BB70 /* Coordinator.swift in Sources */,
				473485D926D3DE1E00FD3D46 /* MoviesResponse.swift in Sources */,
				4799629526DFB10600459245 /* MovieRepositoryRemote.swift in Sources */,
				479962A126DFD54B00459245 /* MoviesListConfigurator.swift in Sources */,
				4799628B26DFA7DB00459245 /* NetworkUrl.swift in Sources */,
				473485E726D521DF00FD3D46 /* MovieViewModel.swift in Sources */,
				473A9C7426EA3C7F0013AE8B /* Accessibility.swift in Sources */,
				4763EEC326D3D51300893DD9 /* AppDelegate.swift in Sources */,
				4763EEC526D3D51300893DD9 /* SceneDelegate.swift in Sources */,
				4799628E26DFAD9400459245 /* BaseRepositoryRemote.swift in Sources */,
				4799629B26DFB50300459245 /* MovieRepository.swift in Sources */,
				473485DB26D3DEEA00FD3D46 /* Movie.swift in Sources */,
				4799629926DFB2EB00459245 /* MovieRepositoryLocal.swift in Sources */,
				4704455026D7CB110072CFC1 /* CoreDataManager.swift in Sources */,
				4799629D26DFD08C00459245 /* Company.swift in Sources */,
				4799629726DFB17300459245 /* MovieImageRepositoryRemote.swift in Sources */,
				472CA4E826DE5D3A00E3BB70 /* MainCoordinator.swift in Sources */,
				4799629326DFB04000459245 /* MoviesRepositoryRemote.swift in Sources */,
				4704455326D7E2DF0072CFC1 /* Model 2.xcmappingmodel in Sources */,
			);
			runOnlyForDeploymentPostprocessing = 0;
		};
		479962DF26E119EF00459245 /* Sources */ = {
			isa = PBXSourcesBuildPhase;
			buildActionMask = 2147483647;
			files = (
				4737392526E2557800060619 /* BaseRepositoryRemoteTest.swift in Sources */,
				4737392326E253C100060619 /* FakeNetworkManager.swift in Sources */,
				4737391A26E24B6900060619 /* UnitTestUtils.swift in Sources */,
				4737392126E24F4100060619 /* MovieImageRepositoryRemoteTest.swift in Sources */,
				479962E626E119EF00459245 /* MoviesTests.swift in Sources */,
				4737392A26E25B2200060619 /* MovieViewModelTest.swift in Sources */,
			);
			runOnlyForDeploymentPostprocessing = 0;
		};
/* End PBXSourcesBuildPhase section */

/* Begin PBXTargetDependency section */
		471C2BBC26E7B0000030B64E /* PBXTargetDependency */ = {
			isa = PBXTargetDependency;
			target = 4763EEBE26D3D51300893DD9 /* Movies */;
			targetProxy = 471C2BBB26E7B0000030B64E /* PBXContainerItemProxy */;
		};
		479962E926E119EF00459245 /* PBXTargetDependency */ = {
			isa = PBXTargetDependency;
			target = 4763EEBE26D3D51300893DD9 /* Movies */;
			targetProxy = 479962E826E119EF00459245 /* PBXContainerItemProxy */;
		};
		47A1941426EA39D300061A9C /* PBXTargetDependency */ = {
			isa = PBXTargetDependency;
			target = 471C2BC326E7B9AC0030B64E /* MoviesMock */;
			targetProxy = 47A1941326EA39D300061A9C /* PBXContainerItemProxy */;
		};
/* End PBXTargetDependency section */

/* Begin PBXVariantGroup section */
		4763EEC826D3D51300893DD9 /* Main.storyboard */ = {
			isa = PBXVariantGroup;
			children = (
				4763EEC926D3D51300893DD9 /* Base */,
			);
			name = Main.storyboard;
			sourceTree = "<group>";
		};
		4763EECD26D3D51B00893DD9 /* LaunchScreen.storyboard */ = {
			isa = PBXVariantGroup;
			children = (
				4763EECE26D3D51B00893DD9 /* Base */,
			);
			name = LaunchScreen.storyboard;
			sourceTree = "<group>";
		};
/* End PBXVariantGroup section */

/* Begin XCBuildConfiguration section */
		471C2BBD26E7B0000030B64E /* Debug */ = {
			isa = XCBuildConfiguration;
			buildSettings = {
				CODE_SIGN_STYLE = Automatic;
				DEVELOPMENT_TEAM = "";
				INFOPLIST_FILE = MoviesUITests/Info.plist;
				LD_RUNPATH_SEARCH_PATHS = (
					"$(inherited)",
					"@executable_path/Frameworks",
					"@loader_path/Frameworks",
				);
				PRODUCT_BUNDLE_IDENTIFIER = com.enhanceit.MoviesUITests;
				PRODUCT_NAME = "$(TARGET_NAME)";
				SWIFT_VERSION = 5.0;
				TARGETED_DEVICE_FAMILY = "1,2";
				TEST_TARGET_NAME = MoviesMock;
			};
			name = Debug;
		};
		471C2BBE26E7B0000030B64E /* Release */ = {
			isa = XCBuildConfiguration;
			buildSettings = {
				CODE_SIGN_STYLE = Automatic;
				DEVELOPMENT_TEAM = "";
				INFOPLIST_FILE = MoviesUITests/Info.plist;
				LD_RUNPATH_SEARCH_PATHS = (
					"$(inherited)",
					"@executable_path/Frameworks",
					"@loader_path/Frameworks",
				);
				PRODUCT_BUNDLE_IDENTIFIER = com.enhanceit.MoviesUITests;
				PRODUCT_NAME = "$(TARGET_NAME)";
				SWIFT_VERSION = 5.0;
				TARGETED_DEVICE_FAMILY = "1,2";
				TEST_TARGET_NAME = MoviesMock;
			};
			name = Release;
		};
		471C2BD626E7B9AF0030B64E /* Debug */ = {
			isa = XCBuildConfiguration;
			baseConfigurationReference = 2AF7E1B6C00CB7B8897635F1 /* Pods-MoviesMock.debug.xcconfig */;
			buildSettings = {
				ASSETCATALOG_COMPILER_APPICON_NAME = AppIcon;
				ASSETCATALOG_COMPILER_GLOBAL_ACCENT_COLOR_NAME = AccentColor;
				CODE_SIGN_STYLE = Automatic;
				DEVELOPMENT_TEAM = "";
				INFOPLIST_FILE = MoviesMock/Info.plist;
				IPHONEOS_DEPLOYMENT_TARGET = 13.0;
				LD_RUNPATH_SEARCH_PATHS = (
					"$(inherited)",
					"@executable_path/Frameworks",
				);
				PRODUCT_BUNDLE_IDENTIFIER = com.enhanceit.MoviesMock;
				PRODUCT_NAME = "$(TARGET_NAME)";
				SWIFT_VERSION = 5.0;
				TARGETED_DEVICE_FAMILY = "1,2";
			};
			name = Debug;
		};
		471C2BD726E7B9AF0030B64E /* Release */ = {
			isa = XCBuildConfiguration;
			baseConfigurationReference = 15CEB5CC9EF05752CF7A6359 /* Pods-MoviesMock.release.xcconfig */;
			buildSettings = {
				ASSETCATALOG_COMPILER_APPICON_NAME = AppIcon;
				ASSETCATALOG_COMPILER_GLOBAL_ACCENT_COLOR_NAME = AccentColor;
				CODE_SIGN_STYLE = Automatic;
				DEVELOPMENT_TEAM = "";
				INFOPLIST_FILE = MoviesMock/Info.plist;
				IPHONEOS_DEPLOYMENT_TARGET = 13.0;
				LD_RUNPATH_SEARCH_PATHS = (
					"$(inherited)",
					"@executable_path/Frameworks",
				);
				PRODUCT_BUNDLE_IDENTIFIER = com.enhanceit.MoviesMock;
				PRODUCT_NAME = "$(TARGET_NAME)";
				SWIFT_VERSION = 5.0;
				TARGETED_DEVICE_FAMILY = "1,2";
			};
			name = Release;
		};
		4763EED126D3D51B00893DD9 /* Debug */ = {
			isa = XCBuildConfiguration;
			buildSettings = {
				ALWAYS_SEARCH_USER_PATHS = NO;
				CLANG_ANALYZER_NONNULL = YES;
				CLANG_ANALYZER_NUMBER_OBJECT_CONVERSION = YES_AGGRESSIVE;
				CLANG_CXX_LANGUAGE_STANDARD = "gnu++14";
				CLANG_CXX_LIBRARY = "libc++";
				CLANG_ENABLE_MODULES = YES;
				CLANG_ENABLE_OBJC_ARC = YES;
				CLANG_ENABLE_OBJC_WEAK = YES;
				CLANG_WARN_BLOCK_CAPTURE_AUTORELEASING = YES;
				CLANG_WARN_BOOL_CONVERSION = YES;
				CLANG_WARN_COMMA = YES;
				CLANG_WARN_CONSTANT_CONVERSION = YES;
				CLANG_WARN_DEPRECATED_OBJC_IMPLEMENTATIONS = YES;
				CLANG_WARN_DIRECT_OBJC_ISA_USAGE = YES_ERROR;
				CLANG_WARN_DOCUMENTATION_COMMENTS = YES;
				CLANG_WARN_EMPTY_BODY = YES;
				CLANG_WARN_ENUM_CONVERSION = YES;
				CLANG_WARN_INFINITE_RECURSION = YES;
				CLANG_WARN_INT_CONVERSION = YES;
				CLANG_WARN_NON_LITERAL_NULL_CONVERSION = YES;
				CLANG_WARN_OBJC_IMPLICIT_RETAIN_SELF = YES;
				CLANG_WARN_OBJC_LITERAL_CONVERSION = YES;
				CLANG_WARN_OBJC_ROOT_CLASS = YES_ERROR;
				CLANG_WARN_QUOTED_INCLUDE_IN_FRAMEWORK_HEADER = YES;
				CLANG_WARN_RANGE_LOOP_ANALYSIS = YES;
				CLANG_WARN_STRICT_PROTOTYPES = YES;
				CLANG_WARN_SUSPICIOUS_MOVE = YES;
				CLANG_WARN_UNGUARDED_AVAILABILITY = YES_AGGRESSIVE;
				CLANG_WARN_UNREACHABLE_CODE = YES;
				CLANG_WARN__DUPLICATE_METHOD_MATCH = YES;
				COPY_PHASE_STRIP = NO;
				DEBUG_INFORMATION_FORMAT = dwarf;
				ENABLE_STRICT_OBJC_MSGSEND = YES;
				ENABLE_TESTABILITY = YES;
				GCC_C_LANGUAGE_STANDARD = gnu11;
				GCC_DYNAMIC_NO_PIC = NO;
				GCC_NO_COMMON_BLOCKS = YES;
				GCC_OPTIMIZATION_LEVEL = 0;
				GCC_PREPROCESSOR_DEFINITIONS = (
					"DEBUG=1",
					"$(inherited)",
				);
				GCC_WARN_64_TO_32_BIT_CONVERSION = YES;
				GCC_WARN_ABOUT_RETURN_TYPE = YES_ERROR;
				GCC_WARN_UNDECLARED_SELECTOR = YES;
				GCC_WARN_UNINITIALIZED_AUTOS = YES_AGGRESSIVE;
				GCC_WARN_UNUSED_FUNCTION = YES;
				GCC_WARN_UNUSED_VARIABLE = YES;
				IPHONEOS_DEPLOYMENT_TARGET = 14.5;
				MTL_ENABLE_DEBUG_INFO = INCLUDE_SOURCE;
				MTL_FAST_MATH = YES;
				ONLY_ACTIVE_ARCH = YES;
				SDKROOT = iphoneos;
				SWIFT_ACTIVE_COMPILATION_CONDITIONS = DEBUG;
				SWIFT_OPTIMIZATION_LEVEL = "-Onone";
			};
			name = Debug;
		};
		4763EED226D3D51B00893DD9 /* Release */ = {
			isa = XCBuildConfiguration;
			buildSettings = {
				ALWAYS_SEARCH_USER_PATHS = NO;
				CLANG_ANALYZER_NONNULL = YES;
				CLANG_ANALYZER_NUMBER_OBJECT_CONVERSION = YES_AGGRESSIVE;
				CLANG_CXX_LANGUAGE_STANDARD = "gnu++14";
				CLANG_CXX_LIBRARY = "libc++";
				CLANG_ENABLE_MODULES = YES;
				CLANG_ENABLE_OBJC_ARC = YES;
				CLANG_ENABLE_OBJC_WEAK = YES;
				CLANG_WARN_BLOCK_CAPTURE_AUTORELEASING = YES;
				CLANG_WARN_BOOL_CONVERSION = YES;
				CLANG_WARN_COMMA = YES;
				CLANG_WARN_CONSTANT_CONVERSION = YES;
				CLANG_WARN_DEPRECATED_OBJC_IMPLEMENTATIONS = YES;
				CLANG_WARN_DIRECT_OBJC_ISA_USAGE = YES_ERROR;
				CLANG_WARN_DOCUMENTATION_COMMENTS = YES;
				CLANG_WARN_EMPTY_BODY = YES;
				CLANG_WARN_ENUM_CONVERSION = YES;
				CLANG_WARN_INFINITE_RECURSION = YES;
				CLANG_WARN_INT_CONVERSION = YES;
				CLANG_WARN_NON_LITERAL_NULL_CONVERSION = YES;
				CLANG_WARN_OBJC_IMPLICIT_RETAIN_SELF = YES;
				CLANG_WARN_OBJC_LITERAL_CONVERSION = YES;
				CLANG_WARN_OBJC_ROOT_CLASS = YES_ERROR;
				CLANG_WARN_QUOTED_INCLUDE_IN_FRAMEWORK_HEADER = YES;
				CLANG_WARN_RANGE_LOOP_ANALYSIS = YES;
				CLANG_WARN_STRICT_PROTOTYPES = YES;
				CLANG_WARN_SUSPICIOUS_MOVE = YES;
				CLANG_WARN_UNGUARDED_AVAILABILITY = YES_AGGRESSIVE;
				CLANG_WARN_UNREACHABLE_CODE = YES;
				CLANG_WARN__DUPLICATE_METHOD_MATCH = YES;
				COPY_PHASE_STRIP = NO;
				DEBUG_INFORMATION_FORMAT = "dwarf-with-dsym";
				ENABLE_NS_ASSERTIONS = NO;
				ENABLE_STRICT_OBJC_MSGSEND = YES;
				GCC_C_LANGUAGE_STANDARD = gnu11;
				GCC_NO_COMMON_BLOCKS = YES;
				GCC_WARN_64_TO_32_BIT_CONVERSION = YES;
				GCC_WARN_ABOUT_RETURN_TYPE = YES_ERROR;
				GCC_WARN_UNDECLARED_SELECTOR = YES;
				GCC_WARN_UNINITIALIZED_AUTOS = YES_AGGRESSIVE;
				GCC_WARN_UNUSED_FUNCTION = YES;
				GCC_WARN_UNUSED_VARIABLE = YES;
				IPHONEOS_DEPLOYMENT_TARGET = 14.5;
				MTL_ENABLE_DEBUG_INFO = NO;
				MTL_FAST_MATH = YES;
				SDKROOT = iphoneos;
				SWIFT_COMPILATION_MODE = wholemodule;
				SWIFT_OPTIMIZATION_LEVEL = "-O";
				VALIDATE_PRODUCT = YES;
			};
			name = Release;
		};
		4763EED426D3D51B00893DD9 /* Debug */ = {
			isa = XCBuildConfiguration;
			baseConfigurationReference = 5484CE0C8EAAA68F9834F355 /* Pods-Movies.debug.xcconfig */;
			buildSettings = {
				ASSETCATALOG_COMPILER_APPICON_NAME = AppIcon;
				ASSETCATALOG_COMPILER_GLOBAL_ACCENT_COLOR_NAME = AccentColor;
				CODE_SIGN_IDENTITY = "Apple Development";
				CODE_SIGN_STYLE = Automatic;
				DEVELOPMENT_TEAM = "";
				INFOPLIST_FILE = Movies/Info.plist;
				IPHONEOS_DEPLOYMENT_TARGET = 13.0;
				LD_RUNPATH_SEARCH_PATHS = (
					"$(inherited)",
					"@executable_path/Frameworks",
				);
				MARKETING_VERSION = 1.2;
				PRODUCT_BUNDLE_IDENTIFIER = com.enhanceit.Movies;
				PRODUCT_NAME = "$(TARGET_NAME)";
				PROVISIONING_PROFILE_SPECIFIER = "";
				SWIFT_VERSION = 5.0;
				TARGETED_DEVICE_FAMILY = 1;
			};
			name = Debug;
		};
		4763EED526D3D51B00893DD9 /* Release */ = {
			isa = XCBuildConfiguration;
			baseConfigurationReference = F38DB0F44712A50318266CF9 /* Pods-Movies.release.xcconfig */;
			buildSettings = {
				ASSETCATALOG_COMPILER_APPICON_NAME = AppIcon;
				ASSETCATALOG_COMPILER_GLOBAL_ACCENT_COLOR_NAME = AccentColor;
				CODE_SIGN_IDENTITY = "Apple Development";
				CODE_SIGN_STYLE = Automatic;
				DEVELOPMENT_TEAM = "";
				INFOPLIST_FILE = Movies/Info.plist;
				IPHONEOS_DEPLOYMENT_TARGET = 13.0;
				LD_RUNPATH_SEARCH_PATHS = (
					"$(inherited)",
					"@executable_path/Frameworks",
				);
				MARKETING_VERSION = 1.2;
				PRODUCT_BUNDLE_IDENTIFIER = com.enhanceit.Movies;
				PRODUCT_NAME = "$(TARGET_NAME)";
				PROVISIONING_PROFILE_SPECIFIER = "";
				SWIFT_VERSION = 5.0;
				TARGETED_DEVICE_FAMILY = 1;
			};
			name = Release;
		};
		479962EA26E119EF00459245 /* Debug */ = {
			isa = XCBuildConfiguration;
			buildSettings = {
				BUNDLE_LOADER = "$(TEST_HOST)";
				CODE_SIGN_STYLE = Automatic;
				DEVELOPMENT_TEAM = "";
				INFOPLIST_FILE = MoviesTests/Info.plist;
				LD_RUNPATH_SEARCH_PATHS = (
					"$(inherited)",
					"@executable_path/Frameworks",
					"@loader_path/Frameworks",
				);
				PRODUCT_BUNDLE_IDENTIFIER = com.enhanceit.MoviesTests;
				PRODUCT_NAME = "$(TARGET_NAME)";
				SWIFT_VERSION = 5.0;
				TARGETED_DEVICE_FAMILY = "1,2";
				TEST_HOST = "$(BUILT_PRODUCTS_DIR)/Movies.app/Movies";
			};
			name = Debug;
		};
		479962EB26E119EF00459245 /* Release */ = {
			isa = XCBuildConfiguration;
			buildSettings = {
				BUNDLE_LOADER = "$(TEST_HOST)";
				CODE_SIGN_STYLE = Automatic;
				DEVELOPMENT_TEAM = "";
				INFOPLIST_FILE = MoviesTests/Info.plist;
				LD_RUNPATH_SEARCH_PATHS = (
					"$(inherited)",
					"@executable_path/Frameworks",
					"@loader_path/Frameworks",
				);
				PRODUCT_BUNDLE_IDENTIFIER = com.enhanceit.MoviesTests;
				PRODUCT_NAME = "$(TARGET_NAME)";
				SWIFT_VERSION = 5.0;
				TARGETED_DEVICE_FAMILY = "1,2";
				TEST_HOST = "$(BUILT_PRODUCTS_DIR)/Movies.app/Movies";
			};
			name = Release;
		};
/* End XCBuildConfiguration section */

/* Begin XCConfigurationList section */
		471C2BBF26E7B0000030B64E /* Build configuration list for PBXNativeTarget "MoviesUITests" */ = {
			isa = XCConfigurationList;
			buildConfigurations = (
				471C2BBD26E7B0000030B64E /* Debug */,
				471C2BBE26E7B0000030B64E /* Release */,
			);
			defaultConfigurationIsVisible = 0;
			defaultConfigurationName = Release;
		};
		471C2BD526E7B9AF0030B64E /* Build configuration list for PBXNativeTarget "MoviesMock" */ = {
			isa = XCConfigurationList;
			buildConfigurations = (
				471C2BD626E7B9AF0030B64E /* Debug */,
				471C2BD726E7B9AF0030B64E /* Release */,
			);
			defaultConfigurationIsVisible = 0;
			defaultConfigurationName = Release;
		};
		4763EEBA26D3D51200893DD9 /* Build configuration list for PBXProject "Movies" */ = {
			isa = XCConfigurationList;
			buildConfigurations = (
				4763EED126D3D51B00893DD9 /* Debug */,
				4763EED226D3D51B00893DD9 /* Release */,
			);
			defaultConfigurationIsVisible = 0;
			defaultConfigurationName = Release;
		};
		4763EED326D3D51B00893DD9 /* Build configuration list for PBXNativeTarget "Movies" */ = {
			isa = XCConfigurationList;
			buildConfigurations = (
				4763EED426D3D51B00893DD9 /* Debug */,
				4763EED526D3D51B00893DD9 /* Release */,
			);
			defaultConfigurationIsVisible = 0;
			defaultConfigurationName = Release;
		};
		479962EC26E119EF00459245 /* Build configuration list for PBXNativeTarget "MoviesTests" */ = {
			isa = XCConfigurationList;
			buildConfigurations = (
				479962EA26E119EF00459245 /* Debug */,
				479962EB26E119EF00459245 /* Release */,
			);
			defaultConfigurationIsVisible = 0;
			defaultConfigurationName = Release;
		};
/* End XCConfigurationList section */

/* Begin XCVersionGroup section */
		4704454C26D7C71F0072CFC1 /* MoviesModel.xcdatamodeld */ = {
			isa = XCVersionGroup;
			children = (
				4704455126D7DE580072CFC1 /* MoviesModel 2.xcdatamodel */,
				4704454D26D7C71F0072CFC1 /* MoviesModel.xcdatamodel */,
			);
			currentVersion = 4704455126D7DE580072CFC1 /* MoviesModel 2.xcdatamodel */;
			path = MoviesModel.xcdatamodeld;
			sourceTree = "<group>";
			versionGroupType = wrapper.xcdatamodel;
		};
/* End XCVersionGroup section */
	};
	rootObject = 4763EEB726D3D51200893DD9 /* Project object */;
}
